// !$*UTF8*$!
{
	archiveVersion = 1;
	classes = {
	};
	objectVersion = 46;
	objects = {

/* Begin PBXBuildFile section */
		3B24E51F184D9B8000461568 /* BasicNavigationBarView.m in Sources */ = {isa = PBXBuildFile; fileRef = 3B24E51E184D9B8000461568 /* BasicNavigationBarView.m */; };
		3B24E523184DBBCE00461568 /* MainViewController.m in Sources */ = {isa = PBXBuildFile; fileRef = 3B24E522184DBBCE00461568 /* MainViewController.m */; };
		3B24E526184DC35B00461568 /* TestViewController.m in Sources */ = {isa = PBXBuildFile; fileRef = 3B24E525184DC35B00461568 /* TestViewController.m */; };
		3B24E528184F142000461568 /* versus@2x.png in Resources */ = {isa = PBXBuildFile; fileRef = 3B24E527184F142000461568 /* versus@2x.png */; };
		3B24E52C1851B22800461568 /* CommentCell.m in Sources */ = {isa = PBXBuildFile; fileRef = 3B24E52B1851B22800461568 /* CommentCell.m */; };
		3B24E5301851B38600461568 /* TimeManager.m in Sources */ = {isa = PBXBuildFile; fileRef = 3B24E52F1851B38600461568 /* TimeManager.m */; };
		3B33A8911853107F00756798 /* Picture frame@2x.png in Resources */ = {isa = PBXBuildFile; fileRef = 3B33A8901853107F00756798 /* Picture frame@2x.png */; };
		3B4640691856F66200632FFC /* Parse.framework in Frameworks */ = {isa = PBXBuildFile; fileRef = 3B4640681856F66200632FFC /* Parse.framework */; };
		3B46406D1856F71700632FFC /* Surveit.framework in Frameworks */ = {isa = PBXBuildFile; fileRef = 3B46406C1856F71700632FFC /* Surveit.framework */; };
		3B46406F1856F76300632FFC /* SurveitSDK.bundle in Resources */ = {isa = PBXBuildFile; fileRef = 3B46406E1856F76300632FFC /* SurveitSDK.bundle */; };
		3B4640721856FCA900632FFC /* Report.m in Sources */ = {isa = PBXBuildFile; fileRef = 3B4640711856FCA900632FFC /* Report.m */; };
		3B46407618570A9200632FFC /* HotterFacebookManager.m in Sources */ = {isa = PBXBuildFile; fileRef = 3B46407518570A9200632FFC /* HotterFacebookManager.m */; };
		3B4640781858647100632FFC /* Report_button@2x.png in Resources */ = {isa = PBXBuildFile; fileRef = 3B4640771858647100632FFC /* Report_button@2x.png */; };
		3B46407A1858730E00632FFC /* Large_flame@2x.png in Resources */ = {isa = PBXBuildFile; fileRef = 3B4640791858730E00632FFC /* Large_flame@2x.png */; };
		3B53651118543750001E8E34 /* Crashlytics.framework in Frameworks */ = {isa = PBXBuildFile; fileRef = 3B53651018543750001E8E34 /* Crashlytics.framework */; };
		3B53651718553D86001E8E34 /* UIImage+ImageEffects.m in Sources */ = {isa = PBXBuildFile; fileRef = 3B53651618553D86001E8E34 /* UIImage+ImageEffects.m */; };
		3B53651A18555577001E8E34 /* EventLogger.m in Sources */ = {isa = PBXBuildFile; fileRef = 3B53651918555577001E8E34 /* EventLogger.m */; };
		3B53651C1855592A001E8E34 /* versusBar@2x.png in Resources */ = {isa = PBXBuildFile; fileRef = 3B53651B1855592A001E8E34 /* versusBar@2x.png */; };
		3B53653A18559644001E8E34 /* Icon-72.png in Resources */ = {isa = PBXBuildFile; fileRef = 3B53651F18559644001E8E34 /* Icon-72.png */; };
		3B53653B18559644001E8E34 /* Icon-72@2x.png in Resources */ = {isa = PBXBuildFile; fileRef = 3B53652018559644001E8E34 /* Icon-72@2x.png */; };
		3B53653C18559644001E8E34 /* Icon-Small-50.png in Resources */ = {isa = PBXBuildFile; fileRef = 3B53652118559644001E8E34 /* Icon-Small-50.png */; };
		3B53653D18559644001E8E34 /* Icon-Small-50@2x.png in Resources */ = {isa = PBXBuildFile; fileRef = 3B53652218559644001E8E34 /* Icon-Small-50@2x.png */; };
		3B53653E18559644001E8E34 /* Icon-Small.png in Resources */ = {isa = PBXBuildFile; fileRef = 3B53652318559644001E8E34 /* Icon-Small.png */; };
		3B53653F18559644001E8E34 /* Icon-Small@2x.png in Resources */ = {isa = PBXBuildFile; fileRef = 3B53652418559644001E8E34 /* Icon-Small@2x.png */; };
		3B53654018559644001E8E34 /* Icon.png in Resources */ = {isa = PBXBuildFile; fileRef = 3B53652518559644001E8E34 /* Icon.png */; };
		3B53654118559644001E8E34 /* Icon@2x.png in Resources */ = {isa = PBXBuildFile; fileRef = 3B53652618559644001E8E34 /* Icon@2x.png */; };
		3B53654218559644001E8E34 /* iTunesArtwork.png in Resources */ = {isa = PBXBuildFile; fileRef = 3B53652718559644001E8E34 /* iTunesArtwork.png */; };
		3B53654318559644001E8E34 /* iTunesArtwork@2x.png in Resources */ = {isa = PBXBuildFile; fileRef = 3B53652818559644001E8E34 /* iTunesArtwork@2x.png */; };
		3B53654418559644001E8E34 /* Icon-40.png in Resources */ = {isa = PBXBuildFile; fileRef = 3B53652A18559644001E8E34 /* Icon-40.png */; };
		3B53654518559644001E8E34 /* Icon-40@2x.png in Resources */ = {isa = PBXBuildFile; fileRef = 3B53652B18559644001E8E34 /* Icon-40@2x.png */; };
		3B53654618559644001E8E34 /* Icon-60.png in Resources */ = {isa = PBXBuildFile; fileRef = 3B53652C18559644001E8E34 /* Icon-60.png */; };
		3B53654718559644001E8E34 /* Icon-60@2x.png in Resources */ = {isa = PBXBuildFile; fileRef = 3B53652D18559644001E8E34 /* Icon-60@2x.png */; };
		3B53654818559644001E8E34 /* Icon-72.png in Resources */ = {isa = PBXBuildFile; fileRef = 3B53652E18559644001E8E34 /* Icon-72.png */; };
		3B53654918559644001E8E34 /* Icon-72@2x.png in Resources */ = {isa = PBXBuildFile; fileRef = 3B53652F18559644001E8E34 /* Icon-72@2x.png */; };
		3B53654A18559644001E8E34 /* Icon-76.png in Resources */ = {isa = PBXBuildFile; fileRef = 3B53653018559644001E8E34 /* Icon-76.png */; };
		3B53654B18559644001E8E34 /* Icon-76@2x.png in Resources */ = {isa = PBXBuildFile; fileRef = 3B53653118559644001E8E34 /* Icon-76@2x.png */; };
		3B53654C18559644001E8E34 /* Icon-Small-50.png in Resources */ = {isa = PBXBuildFile; fileRef = 3B53653218559644001E8E34 /* Icon-Small-50.png */; };
		3B53654D18559644001E8E34 /* Icon-Small-50@2x.png in Resources */ = {isa = PBXBuildFile; fileRef = 3B53653318559644001E8E34 /* Icon-Small-50@2x.png */; };
		3B53654E18559644001E8E34 /* Icon-Small.png in Resources */ = {isa = PBXBuildFile; fileRef = 3B53653418559644001E8E34 /* Icon-Small.png */; };
		3B53654F18559644001E8E34 /* Icon-Small@2x.png in Resources */ = {isa = PBXBuildFile; fileRef = 3B53653518559644001E8E34 /* Icon-Small@2x.png */; };
		3B53655018559644001E8E34 /* Icon.png in Resources */ = {isa = PBXBuildFile; fileRef = 3B53653618559644001E8E34 /* Icon.png */; };
		3B53655118559644001E8E34 /* Icon@2x.png in Resources */ = {isa = PBXBuildFile; fileRef = 3B53653718559644001E8E34 /* Icon@2x.png */; };
		3B53655218559644001E8E34 /* iTunesArtwork.png in Resources */ = {isa = PBXBuildFile; fileRef = 3B53653818559644001E8E34 /* iTunesArtwork.png */; };
		3B53655318559644001E8E34 /* iTunesArtwork@2x.png in Resources */ = {isa = PBXBuildFile; fileRef = 3B53653918559644001E8E34 /* iTunesArtwork@2x.png */; };
		3B5365591856F59E001E8E34 /* AdSupport.framework in Frameworks */ = {isa = PBXBuildFile; fileRef = 3B5365581856F59E001E8E34 /* AdSupport.framework */; settings = {ATTRIBUTES = (Weak, ); }; };
		3BA670DE1839B84F00246822 /* Foundation.framework in Frameworks */ = {isa = PBXBuildFile; fileRef = 3BA670DD1839B84F00246822 /* Foundation.framework */; };
		3BA670E01839B84F00246822 /* CoreGraphics.framework in Frameworks */ = {isa = PBXBuildFile; fileRef = 3BA670DF1839B84F00246822 /* CoreGraphics.framework */; };
		3BA670E21839B84F00246822 /* UIKit.framework in Frameworks */ = {isa = PBXBuildFile; fileRef = 3BA670E11839B84F00246822 /* UIKit.framework */; };
		3BA670E81839B84F00246822 /* InfoPlist.strings in Resources */ = {isa = PBXBuildFile; fileRef = 3BA670E61839B84F00246822 /* InfoPlist.strings */; };
		3BA670EA1839B84F00246822 /* main.m in Sources */ = {isa = PBXBuildFile; fileRef = 3BA670E91839B84F00246822 /* main.m */; };
		3BA670EE1839B84F00246822 /* AppDelegate.m in Sources */ = {isa = PBXBuildFile; fileRef = 3BA670ED1839B84F00246822 /* AppDelegate.m */; };
		3BA670F11839B84F00246822 /* Main_iPhone.storyboard in Resources */ = {isa = PBXBuildFile; fileRef = 3BA670EF1839B84F00246822 /* Main_iPhone.storyboard */; };
		3BA670F41839B84F00246822 /* Main_iPad.storyboard in Resources */ = {isa = PBXBuildFile; fileRef = 3BA670F21839B84F00246822 /* Main_iPad.storyboard */; };
		3BA670F71839B84F00246822 /* ViewController.m in Sources */ = {isa = PBXBuildFile; fileRef = 3BA670F61839B84F00246822 /* ViewController.m */; };
		3BA670F91839B84F00246822 /* Images.xcassets in Resources */ = {isa = PBXBuildFile; fileRef = 3BA670F81839B84F00246822 /* Images.xcassets */; };
		3BA671001839B84F00246822 /* XCTest.framework in Frameworks */ = {isa = PBXBuildFile; fileRef = 3BA670FF1839B84F00246822 /* XCTest.framework */; };
		3BA671011839B84F00246822 /* Foundation.framework in Frameworks */ = {isa = PBXBuildFile; fileRef = 3BA670DD1839B84F00246822 /* Foundation.framework */; };
		3BA671021839B84F00246822 /* UIKit.framework in Frameworks */ = {isa = PBXBuildFile; fileRef = 3BA670E11839B84F00246822 /* UIKit.framework */; };
		3BA6710A1839B84F00246822 /* InfoPlist.strings in Resources */ = {isa = PBXBuildFile; fileRef = 3BA671081839B84F00246822 /* InfoPlist.strings */; };
		3BA6710C1839B84F00246822 /* WhosHotterTests.m in Sources */ = {isa = PBXBuildFile; fileRef = 3BA6710B1839B84F00246822 /* WhosHotterTests.m */; };
		3BA6711A1839B8DC00246822 /* User.m in Sources */ = {isa = PBXBuildFile; fileRef = 3BA671191839B8DC00246822 /* User.m */; };
		3BA6711D1839B93C00246822 /* InitializationManager.m in Sources */ = {isa = PBXBuildFile; fileRef = 3BA6711C1839B93C00246822 /* InitializationManager.m */; };
		3BA671211839BF6000246822 /* Competition.m in Sources */ = {isa = PBXBuildFile; fileRef = 3BA671201839BF6000246822 /* Competition.m */; };
		3BA671241839BF6A00246822 /* PersistedObject.m in Sources */ = {isa = PBXBuildFile; fileRef = 3BA671231839BF6A00246822 /* PersistedObject.m */; };
		3BA671271839C03D00246822 /* CompetitionCache.m in Sources */ = {isa = PBXBuildFile; fileRef = 3BA671261839C03D00246822 /* CompetitionCache.m */; };
		3BA671291839C19A00246822 /* AudioToolbox.framework in Frameworks */ = {isa = PBXBuildFile; fileRef = 3BA671281839C19A00246822 /* AudioToolbox.framework */; };
		3BA6712B1839C1A300246822 /* CFNetwork.framework in Frameworks */ = {isa = PBXBuildFile; fileRef = 3BA6712A1839C1A300246822 /* CFNetwork.framework */; };
		3BA6712D1839C1AE00246822 /* CoreLocation.framework in Frameworks */ = {isa = PBXBuildFile; fileRef = 3BA6712C1839C1AE00246822 /* CoreLocation.framework */; };
		3BA6712F1839C1B600246822 /* libz.1.1.3.dylib in Frameworks */ = {isa = PBXBuildFile; fileRef = 3BA6712E1839C1B600246822 /* libz.1.1.3.dylib */; };
		3BA671311839C1BC00246822 /* MobileCoreServices.framework in Frameworks */ = {isa = PBXBuildFile; fileRef = 3BA671301839C1BC00246822 /* MobileCoreServices.framework */; };
		3BA671331839C1C200246822 /* QuartzCore.framework in Frameworks */ = {isa = PBXBuildFile; fileRef = 3BA671321839C1C200246822 /* QuartzCore.framework */; };
		3BA671351839C1C900246822 /* Security.framework in Frameworks */ = {isa = PBXBuildFile; fileRef = 3BA671341839C1C900246822 /* Security.framework */; };
		3BA671371839C1CF00246822 /* StoreKit.framework in Frameworks */ = {isa = PBXBuildFile; fileRef = 3BA671361839C1CF00246822 /* StoreKit.framework */; };
		3BA671391839C1D500246822 /* SystemConfiguration.framework in Frameworks */ = {isa = PBXBuildFile; fileRef = 3BA671381839C1D500246822 /* SystemConfiguration.framework */; };
		3BA6713C1839C33100246822 /* Config.m in Sources */ = {isa = PBXBuildFile; fileRef = 3BA6713B1839C33100246822 /* Config.m */; };
		3BA671401839C69C00246822 /* Comment.m in Sources */ = {isa = PBXBuildFile; fileRef = 3BA6713F1839C69C00246822 /* Comment.m */; };
		3BA671431839D85600246822 /* FileManager.m in Sources */ = {isa = PBXBuildFile; fileRef = 3BA671421839D85600246822 /* FileManager.m */; };
		3BA67151183B30E700246822 /* Utility.m in Sources */ = {isa = PBXBuildFile; fileRef = 3BA67150183B30E700246822 /* Utility.m */; };
		3BA67154183B35B500246822 /* ProfileViewController.m in Sources */ = {isa = PBXBuildFile; fileRef = 3BA67153183B35B500246822 /* ProfileViewController.m */; };
		3BA67157183B35BF00246822 /* VoteViewController.m in Sources */ = {isa = PBXBuildFile; fileRef = 3BA67156183B35BF00246822 /* VoteViewController.m */; };
		3BA6715A183B3A7100246822 /* FileCache.m in Sources */ = {isa = PBXBuildFile; fileRef = 3BA67159183B3A7100246822 /* FileCache.m */; };
		3BA6715D183B3EF700246822 /* TappableImageView.m in Sources */ = {isa = PBXBuildFile; fileRef = 3BA6715C183B3EF700246822 /* TappableImageView.m */; };
		3BA67163183B509B00246822 /* CommentViewController.m in Sources */ = {isa = PBXBuildFile; fileRef = 3BA67162183B509B00246822 /* CommentViewController.m */; };
		3BA6716618416CAE00246822 /* FacebookManager.m in Sources */ = {isa = PBXBuildFile; fileRef = 3BA6716518416CAE00246822 /* FacebookManager.m */; };
		3BA6716818416D2700246822 /* FacebookSDK.framework in Frameworks */ = {isa = PBXBuildFile; fileRef = 3BA6716718416D2700246822 /* FacebookSDK.framework */; };
		3BA6716B1842A74D00246822 /* ImageCroppingViewController.m in Sources */ = {isa = PBXBuildFile; fileRef = 3BA6716A1842A74D00246822 /* ImageCroppingViewController.m */; };
		3BA671741842BBD200246822 /* UserCreationViewController.m in Sources */ = {isa = PBXBuildFile; fileRef = 3BA671731842BBD200246822 /* UserCreationViewController.m */; };
		3BA671F21842F6F500246822 /* Back button@2x.png in Resources */ = {isa = PBXBuildFile; fileRef = 3BA671C91842F6F500246822 /* Back button@2x.png */; };
		3BA671F31842F6F500246822 /* Background@2x.png in Resources */ = {isa = PBXBuildFile; fileRef = 3BA671CA1842F6F500246822 /* Background@2x.png */; };
		3BA671F41842F6F500246822 /* Disabled Gender@2x.png in Resources */ = {isa = PBXBuildFile; fileRef = 3BA671CB1842F6F500246822 /* Disabled Gender@2x.png */; };
		3BA671F51842F6F500246822 /* Empty profile@2x.png in Resources */ = {isa = PBXBuildFile; fileRef = 3BA671CC1842F6F500246822 /* Empty profile@2x.png */; };
		3BA671F61842F6F500246822 /* Energy bar filler@2x.png in Resources */ = {isa = PBXBuildFile; fileRef = 3BA671CD1842F6F500246822 /* Energy bar filler@2x.png */; };
		3BA671F71842F6F500246822 /* Energy bar outline@2x.png in Resources */ = {isa = PBXBuildFile; fileRef = 3BA671CE1842F6F500246822 /* Energy bar outline@2x.png */; };
		3BA671F81842F6F500246822 /* Facebook Connect@2x.png in Resources */ = {isa = PBXBuildFile; fileRef = 3BA671CF1842F6F500246822 /* Facebook Connect@2x.png */; };
		3BA671F91842F6F500246822 /* Facebook Share@2x.png in Resources */ = {isa = PBXBuildFile; fileRef = 3BA671D01842F6F500246822 /* Facebook Share@2x.png */; };
		3BA671FA1842F6F500246822 /* Female button opaque@2x.png in Resources */ = {isa = PBXBuildFile; fileRef = 3BA671D11842F6F500246822 /* Female button opaque@2x.png */; };
		3BA671FB1842F6F500246822 /* Female button@2x.png in Resources */ = {isa = PBXBuildFile; fileRef = 3BA671D21842F6F500246822 /* Female button@2x.png */; };
		3BA671FC1842F6F500246822 /* Fire button@2x.png in Resources */ = {isa = PBXBuildFile; fileRef = 3BA671D31842F6F500246822 /* Fire button@2x.png */; };
		3BA671FD1842F6F500246822 /* Fire layer@2x.png in Resources */ = {isa = PBXBuildFile; fileRef = 3BA671D41842F6F500246822 /* Fire layer@2x.png */; };
		3BA671FE1842F6F500246822 /* Flame header@2x.png in Resources */ = {isa = PBXBuildFile; fileRef = 3BA671D51842F6F500246822 /* Flame header@2x.png */; };
		3BA671FF1842F6F500246822 /* Flame profile@2x.png in Resources */ = {isa = PBXBuildFile; fileRef = 3BA671D61842F6F500246822 /* Flame profile@2x.png */; };
		3BA672001842F6F500246822 /* Frame Last Result@2x.png in Resources */ = {isa = PBXBuildFile; fileRef = 3BA671D71842F6F500246822 /* Frame Last Result@2x.png */; };
		3BA672011842F6F500246822 /* Gallery w Overlap@2x.png in Resources */ = {isa = PBXBuildFile; fileRef = 3BA671D81842F6F500246822 /* Gallery w Overlap@2x.png */; };
		3BA672021842F6F500246822 /* Green square (profile)@2x.png in Resources */ = {isa = PBXBuildFile; fileRef = 3BA671D91842F6F500246822 /* Green square (profile)@2x.png */; };
		3BA672031842F6F500246822 /* Hotter@2x.png in Resources */ = {isa = PBXBuildFile; fileRef = 3BA671DA1842F6F500246822 /* Hotter@2x.png */; };
		3BA672041842F6F500246822 /* iPhone5-splash@2x.png in Resources */ = {isa = PBXBuildFile; fileRef = 3BA671DB1842F6F500246822 /* iPhone5-splash@2x.png */; };
		3BA672051842F6F500246822 /* Male button opaque@2x.png in Resources */ = {isa = PBXBuildFile; fileRef = 3BA671DC1842F6F500246822 /* Male button opaque@2x.png */; };
		3BA672061842F6F500246822 /* Male button@2x.png in Resources */ = {isa = PBXBuildFile; fileRef = 3BA671DD1842F6F500246822 /* Male button@2x.png */; };
		3BA672071842F6F500246822 /* Red square (profile)@2x.png in Resources */ = {isa = PBXBuildFile; fileRef = 3BA671DE1842F6F500246822 /* Red square (profile)@2x.png */; };
		3BA672081842F6F500246822 /* refresh cloud@2x.png in Resources */ = {isa = PBXBuildFile; fileRef = 3BA671DF1842F6F500246822 /* refresh cloud@2x.png */; };
		3BA672091842F6F500246822 /* Sample Comment View Headshot 2@2x.png in Resources */ = {isa = PBXBuildFile; fileRef = 3BA671E01842F6F500246822 /* Sample Comment View Headshot 2@2x.png */; };
		3BA6720A1842F6F500246822 /* Sample Comment View Headshot@2x.png in Resources */ = {isa = PBXBuildFile; fileRef = 3BA671E11842F6F500246822 /* Sample Comment View Headshot@2x.png */; };
		3BA6720B1842F6F500246822 /* Sample Matching View Headshot Botton@2x.png in Resources */ = {isa = PBXBuildFile; fileRef = 3BA671E21842F6F500246822 /* Sample Matching View Headshot Botton@2x.png */; };
		3BA6720C1842F6F500246822 /* Sample Matching View Headshot Top@2x.png in Resources */ = {isa = PBXBuildFile; fileRef = 3BA671E31842F6F500246822 /* Sample Matching View Headshot Top@2x.png */; };
		3BA6720D1842F6F500246822 /* Save Image button@2x.png in Resources */ = {isa = PBXBuildFile; fileRef = 3BA671E41842F6F500246822 /* Save Image button@2x.png */; };
		3BA6720E1842F6F500246822 /* Save profile@2x.png in Resources */ = {isa = PBXBuildFile; fileRef = 3BA671E51842F6F500246822 /* Save profile@2x.png */; };
		3BA6720F1842F6F500246822 /* Share on Facebook profile@2x.png in Resources */ = {isa = PBXBuildFile; fileRef = 3BA671E61842F6F500246822 /* Share on Facebook profile@2x.png */; };
		3BA672101842F6F500246822 /* Small green square (matching)@2x.png in Resources */ = {isa = PBXBuildFile; fileRef = 3BA671E71842F6F500246822 /* Small green square (matching)@2x.png */; };
		3BA672111842F6F500246822 /* Small red square matching@2x.png in Resources */ = {isa = PBXBuildFile; fileRef = 3BA671E81842F6F500246822 /* Small red square matching@2x.png */; };
		3BA672121842F6F500246822 /* Splash screen@2x.png in Resources */ = {isa = PBXBuildFile; fileRef = 3BA671E91842F6F500246822 /* Splash screen@2x.png */; };
		3BA672131842F6F500246822 /* Splash-Screen@2x.png in Resources */ = {isa = PBXBuildFile; fileRef = 3BA671EA1842F6F500246822 /* Splash-Screen@2x.png */; };
		3BA672141842F6F500246822 /* star@2x.png in Resources */ = {isa = PBXBuildFile; fileRef = 3BA671EB1842F6F500246822 /* star@2x.png */; };
		3BA672151842F6F500246822 /* Tab Bar@2x.png in Resources */ = {isa = PBXBuildFile; fileRef = 3BA671EC1842F6F500246822 /* Tab Bar@2x.png */; };
		3BA672161842F6F500246822 /* Tall green rectangle@2x.png in Resources */ = {isa = PBXBuildFile; fileRef = 3BA671ED1842F6F500246822 /* Tall green rectangle@2x.png */; };
		3BA672171842F6F500246822 /* Text input@2x.png in Resources */ = {isa = PBXBuildFile; fileRef = 3BA671EE1842F6F500246822 /* Text input@2x.png */; };
		3BA672181842F6F500246822 /* Upload Photo button@2x.png in Resources */ = {isa = PBXBuildFile; fileRef = 3BA671EF1842F6F500246822 /* Upload Photo button@2x.png */; };
		3BA672191842F6F500246822 /* user@2x.png in Resources */ = {isa = PBXBuildFile; fileRef = 3BA671F01842F6F500246822 /* user@2x.png */; };
		3BA6721A1842F6F500246822 /* Wide green rectangle profile@2x.png in Resources */ = {isa = PBXBuildFile; fileRef = 3BA671F11842F6F500246822 /* Wide green rectangle profile@2x.png */; };
		3BA6721D1843007D00246822 /* ImagePickerViewController.m in Sources */ = {isa = PBXBuildFile; fileRef = 3BA6721C1843007D00246822 /* ImagePickerViewController.m */; };
		3BA672231843198000246822 /* StatusBarFreeImagePickerViewController.m in Sources */ = {isa = PBXBuildFile; fileRef = 3BA672221843198000246822 /* StatusBarFreeImagePickerViewController.m */; };
		3BCF65CC184D96AD00C9996A /* BasicNavigationBar.m in Sources */ = {isa = PBXBuildFile; fileRef = 3BCF65CB184D96AD00C9996A /* BasicNavigationBar.m */; };
		3BCF65CE184D986D00C9996A /* BasicNavigationBar.xib in Resources */ = {isa = PBXBuildFile; fileRef = 3BCF65CD184D986D00C9996A /* BasicNavigationBar.xib */; };
		3BFC07E3184B2BDC005F279D /* CompetitionCellView.xib in Resources */ = {isa = PBXBuildFile; fileRef = 3BFC07E2184B2BDC005F279D /* CompetitionCellView.xib */; };
/* End PBXBuildFile section */

/* Begin PBXContainerItemProxy section */
		3BA671031839B84F00246822 /* PBXContainerItemProxy */ = {
			isa = PBXContainerItemProxy;
			containerPortal = 3BA670D21839B84F00246822 /* Project object */;
			proxyType = 1;
			remoteGlobalIDString = 3BA670D91839B84F00246822;
			remoteInfo = WhosHotter;
		};
/* End PBXContainerItemProxy section */

/* Begin PBXFileReference section */
		3B24E51D184D9B8000461568 /* BasicNavigationBarView.h */ = {isa = PBXFileReference; fileEncoding = 4; lastKnownFileType = sourcecode.c.h; path = BasicNavigationBarView.h; sourceTree = "<group>"; };
		3B24E51E184D9B8000461568 /* BasicNavigationBarView.m */ = {isa = PBXFileReference; fileEncoding = 4; lastKnownFileType = sourcecode.c.objc; path = BasicNavigationBarView.m; sourceTree = "<group>"; };
		3B24E521184DBBCE00461568 /* MainViewController.h */ = {isa = PBXFileReference; fileEncoding = 4; lastKnownFileType = sourcecode.c.h; path = MainViewController.h; sourceTree = "<group>"; };
		3B24E522184DBBCE00461568 /* MainViewController.m */ = {isa = PBXFileReference; fileEncoding = 4; lastKnownFileType = sourcecode.c.objc; path = MainViewController.m; sourceTree = "<group>"; };
		3B24E524184DC35B00461568 /* TestViewController.h */ = {isa = PBXFileReference; fileEncoding = 4; lastKnownFileType = sourcecode.c.h; path = TestViewController.h; sourceTree = "<group>"; };
		3B24E525184DC35B00461568 /* TestViewController.m */ = {isa = PBXFileReference; fileEncoding = 4; lastKnownFileType = sourcecode.c.objc; path = TestViewController.m; sourceTree = "<group>"; };
		3B24E527184F142000461568 /* versus@2x.png */ = {isa = PBXFileReference; lastKnownFileType = image.png; path = "versus@2x.png"; sourceTree = "<group>"; };
		3B24E52A1851B22800461568 /* CommentCell.h */ = {isa = PBXFileReference; fileEncoding = 4; lastKnownFileType = sourcecode.c.h; path = CommentCell.h; sourceTree = "<group>"; };
		3B24E52B1851B22800461568 /* CommentCell.m */ = {isa = PBXFileReference; fileEncoding = 4; lastKnownFileType = sourcecode.c.objc; path = CommentCell.m; sourceTree = "<group>"; };
		3B24E52E1851B38600461568 /* TimeManager.h */ = {isa = PBXFileReference; fileEncoding = 4; lastKnownFileType = sourcecode.c.h; path = TimeManager.h; sourceTree = "<group>"; };
		3B24E52F1851B38600461568 /* TimeManager.m */ = {isa = PBXFileReference; fileEncoding = 4; lastKnownFileType = sourcecode.c.objc; path = TimeManager.m; sourceTree = "<group>"; };
		3B33A8901853107F00756798 /* Picture frame@2x.png */ = {isa = PBXFileReference; lastKnownFileType = image.png; path = "Picture frame@2x.png"; sourceTree = "<group>"; };
		3B4640681856F66200632FFC /* Parse.framework */ = {isa = PBXFileReference; lastKnownFileType = wrapper.framework; path = Parse.framework; sourceTree = SOURCE_ROOT; };
		3B46406C1856F71700632FFC /* Surveit.framework */ = {isa = PBXFileReference; lastKnownFileType = wrapper.framework; path = Surveit.framework; sourceTree = "<group>"; };
		3B46406E1856F76300632FFC /* SurveitSDK.bundle */ = {isa = PBXFileReference; lastKnownFileType = "wrapper.plug-in"; path = SurveitSDK.bundle; sourceTree = "<group>"; };
		3B4640701856FCA900632FFC /* Report.h */ = {isa = PBXFileReference; fileEncoding = 4; lastKnownFileType = sourcecode.c.h; path = Report.h; sourceTree = "<group>"; };
		3B4640711856FCA900632FFC /* Report.m */ = {isa = PBXFileReference; fileEncoding = 4; lastKnownFileType = sourcecode.c.objc; path = Report.m; sourceTree = "<group>"; };
		3B464073185707BF00632FFC /* OpenGraphProtocols.h */ = {isa = PBXFileReference; lastKnownFileType = sourcecode.c.h; path = OpenGraphProtocols.h; sourceTree = "<group>"; };
		3B46407418570A9200632FFC /* HotterFacebookManager.h */ = {isa = PBXFileReference; fileEncoding = 4; lastKnownFileType = sourcecode.c.h; path = HotterFacebookManager.h; sourceTree = "<group>"; };
		3B46407518570A9200632FFC /* HotterFacebookManager.m */ = {isa = PBXFileReference; fileEncoding = 4; lastKnownFileType = sourcecode.c.objc; path = HotterFacebookManager.m; sourceTree = "<group>"; };
		3B4640771858647100632FFC /* Report_button@2x.png */ = {isa = PBXFileReference; lastKnownFileType = image.png; path = "Report_button@2x.png"; sourceTree = "<group>"; };
		3B4640791858730E00632FFC /* Large_flame@2x.png */ = {isa = PBXFileReference; lastKnownFileType = image.png; path = "Large_flame@2x.png"; sourceTree = "<group>"; };
		3B53651018543750001E8E34 /* Crashlytics.framework */ = {isa = PBXFileReference; lastKnownFileType = wrapper.framework; path = Crashlytics.framework; sourceTree = "<group>"; };
		3B53651518553D86001E8E34 /* UIImage+ImageEffects.h */ = {isa = PBXFileReference; fileEncoding = 4; lastKnownFileType = sourcecode.c.h; path = "UIImage+ImageEffects.h"; sourceTree = "<group>"; };
		3B53651618553D86001E8E34 /* UIImage+ImageEffects.m */ = {isa = PBXFileReference; fileEncoding = 4; lastKnownFileType = sourcecode.c.objc; path = "UIImage+ImageEffects.m"; sourceTree = "<group>"; };
		3B53651818555577001E8E34 /* EventLogger.h */ = {isa = PBXFileReference; fileEncoding = 4; lastKnownFileType = sourcecode.c.h; path = EventLogger.h; sourceTree = "<group>"; };
		3B53651918555577001E8E34 /* EventLogger.m */ = {isa = PBXFileReference; fileEncoding = 4; lastKnownFileType = sourcecode.c.objc; path = EventLogger.m; sourceTree = "<group>"; };
		3B53651B1855592A001E8E34 /* versusBar@2x.png */ = {isa = PBXFileReference; lastKnownFileType = image.png; path = "versusBar@2x.png"; sourceTree = "<group>"; };
		3B53651F18559644001E8E34 /* Icon-72.png */ = {isa = PBXFileReference; lastKnownFileType = image.png; path = "Icon-72.png"; sourceTree = "<group>"; };
		3B53652018559644001E8E34 /* Icon-72@2x.png */ = {isa = PBXFileReference; lastKnownFileType = image.png; path = "Icon-72@2x.png"; sourceTree = "<group>"; };
		3B53652118559644001E8E34 /* Icon-Small-50.png */ = {isa = PBXFileReference; lastKnownFileType = image.png; path = "Icon-Small-50.png"; sourceTree = "<group>"; };
		3B53652218559644001E8E34 /* Icon-Small-50@2x.png */ = {isa = PBXFileReference; lastKnownFileType = image.png; path = "Icon-Small-50@2x.png"; sourceTree = "<group>"; };
		3B53652318559644001E8E34 /* Icon-Small.png */ = {isa = PBXFileReference; lastKnownFileType = image.png; path = "Icon-Small.png"; sourceTree = "<group>"; };
		3B53652418559644001E8E34 /* Icon-Small@2x.png */ = {isa = PBXFileReference; lastKnownFileType = image.png; path = "Icon-Small@2x.png"; sourceTree = "<group>"; };
		3B53652518559644001E8E34 /* Icon.png */ = {isa = PBXFileReference; lastKnownFileType = image.png; path = Icon.png; sourceTree = "<group>"; };
		3B53652618559644001E8E34 /* Icon@2x.png */ = {isa = PBXFileReference; lastKnownFileType = image.png; path = "Icon@2x.png"; sourceTree = "<group>"; };
		3B53652718559644001E8E34 /* iTunesArtwork.png */ = {isa = PBXFileReference; lastKnownFileType = image.png; path = iTunesArtwork.png; sourceTree = "<group>"; };
		3B53652818559644001E8E34 /* iTunesArtwork@2x.png */ = {isa = PBXFileReference; lastKnownFileType = image.png; path = "iTunesArtwork@2x.png"; sourceTree = "<group>"; };
		3B53652A18559644001E8E34 /* Icon-40.png */ = {isa = PBXFileReference; lastKnownFileType = image.png; path = "Icon-40.png"; sourceTree = "<group>"; };
		3B53652B18559644001E8E34 /* Icon-40@2x.png */ = {isa = PBXFileReference; lastKnownFileType = image.png; path = "Icon-40@2x.png"; sourceTree = "<group>"; };
		3B53652C18559644001E8E34 /* Icon-60.png */ = {isa = PBXFileReference; lastKnownFileType = image.png; path = "Icon-60.png"; sourceTree = "<group>"; };
		3B53652D18559644001E8E34 /* Icon-60@2x.png */ = {isa = PBXFileReference; lastKnownFileType = image.png; path = "Icon-60@2x.png"; sourceTree = "<group>"; };
		3B53652E18559644001E8E34 /* Icon-72.png */ = {isa = PBXFileReference; lastKnownFileType = image.png; path = "Icon-72.png"; sourceTree = "<group>"; };
		3B53652F18559644001E8E34 /* Icon-72@2x.png */ = {isa = PBXFileReference; lastKnownFileType = image.png; path = "Icon-72@2x.png"; sourceTree = "<group>"; };
		3B53653018559644001E8E34 /* Icon-76.png */ = {isa = PBXFileReference; lastKnownFileType = image.png; path = "Icon-76.png"; sourceTree = "<group>"; };
		3B53653118559644001E8E34 /* Icon-76@2x.png */ = {isa = PBXFileReference; lastKnownFileType = image.png; path = "Icon-76@2x.png"; sourceTree = "<group>"; };
		3B53653218559644001E8E34 /* Icon-Small-50.png */ = {isa = PBXFileReference; lastKnownFileType = image.png; path = "Icon-Small-50.png"; sourceTree = "<group>"; };
		3B53653318559644001E8E34 /* Icon-Small-50@2x.png */ = {isa = PBXFileReference; lastKnownFileType = image.png; path = "Icon-Small-50@2x.png"; sourceTree = "<group>"; };
		3B53653418559644001E8E34 /* Icon-Small.png */ = {isa = PBXFileReference; lastKnownFileType = image.png; path = "Icon-Small.png"; sourceTree = "<group>"; };
		3B53653518559644001E8E34 /* Icon-Small@2x.png */ = {isa = PBXFileReference; lastKnownFileType = image.png; path = "Icon-Small@2x.png"; sourceTree = "<group>"; };
		3B53653618559644001E8E34 /* Icon.png */ = {isa = PBXFileReference; lastKnownFileType = image.png; path = Icon.png; sourceTree = "<group>"; };
		3B53653718559644001E8E34 /* Icon@2x.png */ = {isa = PBXFileReference; lastKnownFileType = image.png; path = "Icon@2x.png"; sourceTree = "<group>"; };
		3B53653818559644001E8E34 /* iTunesArtwork.png */ = {isa = PBXFileReference; lastKnownFileType = image.png; path = iTunesArtwork.png; sourceTree = "<group>"; };
		3B53653918559644001E8E34 /* iTunesArtwork@2x.png */ = {isa = PBXFileReference; lastKnownFileType = image.png; path = "iTunesArtwork@2x.png"; sourceTree = "<group>"; };
		3B5365581856F59E001E8E34 /* AdSupport.framework */ = {isa = PBXFileReference; lastKnownFileType = wrapper.framework; name = AdSupport.framework; path = System/Library/Frameworks/AdSupport.framework; sourceTree = SDKROOT; };
		3BA670DA1839B84F00246822 /* Hotter.app */ = {isa = PBXFileReference; explicitFileType = wrapper.application; includeInIndex = 0; path = Hotter.app; sourceTree = BUILT_PRODUCTS_DIR; };
		3BA670DD1839B84F00246822 /* Foundation.framework */ = {isa = PBXFileReference; lastKnownFileType = wrapper.framework; name = Foundation.framework; path = System/Library/Frameworks/Foundation.framework; sourceTree = SDKROOT; };
		3BA670DF1839B84F00246822 /* CoreGraphics.framework */ = {isa = PBXFileReference; lastKnownFileType = wrapper.framework; name = CoreGraphics.framework; path = System/Library/Frameworks/CoreGraphics.framework; sourceTree = SDKROOT; };
		3BA670E11839B84F00246822 /* UIKit.framework */ = {isa = PBXFileReference; lastKnownFileType = wrapper.framework; name = UIKit.framework; path = System/Library/Frameworks/UIKit.framework; sourceTree = SDKROOT; };
		3BA670E51839B84F00246822 /* WhosHotter-Info.plist */ = {isa = PBXFileReference; lastKnownFileType = text.plist.xml; path = "WhosHotter-Info.plist"; sourceTree = "<group>"; };
		3BA670E71839B84F00246822 /* en */ = {isa = PBXFileReference; lastKnownFileType = text.plist.strings; name = en; path = en.lproj/InfoPlist.strings; sourceTree = "<group>"; };
		3BA670E91839B84F00246822 /* main.m */ = {isa = PBXFileReference; lastKnownFileType = sourcecode.c.objc; path = main.m; sourceTree = "<group>"; };
		3BA670EB1839B84F00246822 /* WhosHotter-Prefix.pch */ = {isa = PBXFileReference; lastKnownFileType = sourcecode.c.h; path = "WhosHotter-Prefix.pch"; sourceTree = "<group>"; };
		3BA670EC1839B84F00246822 /* AppDelegate.h */ = {isa = PBXFileReference; lastKnownFileType = sourcecode.c.h; path = AppDelegate.h; sourceTree = "<group>"; };
		3BA670ED1839B84F00246822 /* AppDelegate.m */ = {isa = PBXFileReference; lastKnownFileType = sourcecode.c.objc; path = AppDelegate.m; sourceTree = "<group>"; };
		3BA670F01839B84F00246822 /* Base */ = {isa = PBXFileReference; lastKnownFileType = file.storyboard; name = Base; path = Base.lproj/Main_iPhone.storyboard; sourceTree = "<group>"; };
		3BA670F31839B84F00246822 /* Base */ = {isa = PBXFileReference; lastKnownFileType = file.storyboard; name = Base; path = Base.lproj/Main_iPad.storyboard; sourceTree = "<group>"; };
		3BA670F51839B84F00246822 /* ViewController.h */ = {isa = PBXFileReference; lastKnownFileType = sourcecode.c.h; path = ViewController.h; sourceTree = "<group>"; };
		3BA670F61839B84F00246822 /* ViewController.m */ = {isa = PBXFileReference; lastKnownFileType = sourcecode.c.objc; path = ViewController.m; sourceTree = "<group>"; };
		3BA670F81839B84F00246822 /* Images.xcassets */ = {isa = PBXFileReference; lastKnownFileType = folder.assetcatalog; path = Images.xcassets; sourceTree = "<group>"; };
		3BA670FE1839B84F00246822 /* WhosHotterTests.xctest */ = {isa = PBXFileReference; explicitFileType = wrapper.cfbundle; includeInIndex = 0; path = WhosHotterTests.xctest; sourceTree = BUILT_PRODUCTS_DIR; };
		3BA670FF1839B84F00246822 /* XCTest.framework */ = {isa = PBXFileReference; lastKnownFileType = wrapper.framework; name = XCTest.framework; path = Library/Frameworks/XCTest.framework; sourceTree = DEVELOPER_DIR; };
		3BA671071839B84F00246822 /* WhosHotterTests-Info.plist */ = {isa = PBXFileReference; lastKnownFileType = text.plist.xml; path = "WhosHotterTests-Info.plist"; sourceTree = "<group>"; };
		3BA671091839B84F00246822 /* en */ = {isa = PBXFileReference; lastKnownFileType = text.plist.strings; name = en; path = en.lproj/InfoPlist.strings; sourceTree = "<group>"; };
		3BA6710B1839B84F00246822 /* WhosHotterTests.m */ = {isa = PBXFileReference; lastKnownFileType = sourcecode.c.objc; path = WhosHotterTests.m; sourceTree = "<group>"; };
		3BA671181839B8DC00246822 /* User.h */ = {isa = PBXFileReference; fileEncoding = 4; lastKnownFileType = sourcecode.c.h; path = User.h; sourceTree = "<group>"; };
		3BA671191839B8DC00246822 /* User.m */ = {isa = PBXFileReference; fileEncoding = 4; lastKnownFileType = sourcecode.c.objc; path = User.m; sourceTree = "<group>"; };
		3BA6711B1839B93C00246822 /* InitializationManager.h */ = {isa = PBXFileReference; fileEncoding = 4; lastKnownFileType = sourcecode.c.h; path = InitializationManager.h; sourceTree = "<group>"; };
		3BA6711C1839B93C00246822 /* InitializationManager.m */ = {isa = PBXFileReference; fileEncoding = 4; lastKnownFileType = sourcecode.c.objc; path = InitializationManager.m; sourceTree = "<group>"; };
		3BA6711F1839BF6000246822 /* Competition.h */ = {isa = PBXFileReference; fileEncoding = 4; lastKnownFileType = sourcecode.c.h; path = Competition.h; sourceTree = "<group>"; };
		3BA671201839BF6000246822 /* Competition.m */ = {isa = PBXFileReference; fileEncoding = 4; lastKnownFileType = sourcecode.c.objc; path = Competition.m; sourceTree = "<group>"; };
		3BA671221839BF6A00246822 /* PersistedObject.h */ = {isa = PBXFileReference; fileEncoding = 4; lastKnownFileType = sourcecode.c.h; path = PersistedObject.h; sourceTree = "<group>"; };
		3BA671231839BF6A00246822 /* PersistedObject.m */ = {isa = PBXFileReference; fileEncoding = 4; lastKnownFileType = sourcecode.c.objc; path = PersistedObject.m; sourceTree = "<group>"; };
		3BA671251839C03D00246822 /* CompetitionCache.h */ = {isa = PBXFileReference; fileEncoding = 4; lastKnownFileType = sourcecode.c.h; path = CompetitionCache.h; sourceTree = "<group>"; };
		3BA671261839C03D00246822 /* CompetitionCache.m */ = {isa = PBXFileReference; fileEncoding = 4; lastKnownFileType = sourcecode.c.objc; path = CompetitionCache.m; sourceTree = "<group>"; };
		3BA671281839C19A00246822 /* AudioToolbox.framework */ = {isa = PBXFileReference; lastKnownFileType = wrapper.framework; name = AudioToolbox.framework; path = System/Library/Frameworks/AudioToolbox.framework; sourceTree = SDKROOT; };
		3BA6712A1839C1A300246822 /* CFNetwork.framework */ = {isa = PBXFileReference; lastKnownFileType = wrapper.framework; name = CFNetwork.framework; path = System/Library/Frameworks/CFNetwork.framework; sourceTree = SDKROOT; };
		3BA6712C1839C1AE00246822 /* CoreLocation.framework */ = {isa = PBXFileReference; lastKnownFileType = wrapper.framework; name = CoreLocation.framework; path = System/Library/Frameworks/CoreLocation.framework; sourceTree = SDKROOT; };
		3BA6712E1839C1B600246822 /* libz.1.1.3.dylib */ = {isa = PBXFileReference; lastKnownFileType = "compiled.mach-o.dylib"; name = libz.1.1.3.dylib; path = usr/lib/libz.1.1.3.dylib; sourceTree = SDKROOT; };
		3BA671301839C1BC00246822 /* MobileCoreServices.framework */ = {isa = PBXFileReference; lastKnownFileType = wrapper.framework; name = MobileCoreServices.framework; path = System/Library/Frameworks/MobileCoreServices.framework; sourceTree = SDKROOT; };
		3BA671321839C1C200246822 /* QuartzCore.framework */ = {isa = PBXFileReference; lastKnownFileType = wrapper.framework; name = QuartzCore.framework; path = System/Library/Frameworks/QuartzCore.framework; sourceTree = SDKROOT; };
		3BA671341839C1C900246822 /* Security.framework */ = {isa = PBXFileReference; lastKnownFileType = wrapper.framework; name = Security.framework; path = System/Library/Frameworks/Security.framework; sourceTree = SDKROOT; };
		3BA671361839C1CF00246822 /* StoreKit.framework */ = {isa = PBXFileReference; lastKnownFileType = wrapper.framework; name = StoreKit.framework; path = System/Library/Frameworks/StoreKit.framework; sourceTree = SDKROOT; };
		3BA671381839C1D500246822 /* SystemConfiguration.framework */ = {isa = PBXFileReference; lastKnownFileType = wrapper.framework; name = SystemConfiguration.framework; path = System/Library/Frameworks/SystemConfiguration.framework; sourceTree = SDKROOT; };
		3BA6713A1839C33100246822 /* Config.h */ = {isa = PBXFileReference; fileEncoding = 4; lastKnownFileType = sourcecode.c.h; path = Config.h; sourceTree = "<group>"; };
		3BA6713B1839C33100246822 /* Config.m */ = {isa = PBXFileReference; fileEncoding = 4; lastKnownFileType = sourcecode.c.objc; path = Config.m; sourceTree = "<group>"; };
		3BA6713E1839C69C00246822 /* Comment.h */ = {isa = PBXFileReference; fileEncoding = 4; lastKnownFileType = sourcecode.c.h; path = Comment.h; sourceTree = "<group>"; };
		3BA6713F1839C69C00246822 /* Comment.m */ = {isa = PBXFileReference; fileEncoding = 4; lastKnownFileType = sourcecode.c.objc; path = Comment.m; sourceTree = "<group>"; };
		3BA671411839D85600246822 /* FileManager.h */ = {isa = PBXFileReference; fileEncoding = 4; lastKnownFileType = sourcecode.c.h; path = FileManager.h; sourceTree = "<group>"; };
		3BA671421839D85600246822 /* FileManager.m */ = {isa = PBXFileReference; fileEncoding = 4; lastKnownFileType = sourcecode.c.objc; path = FileManager.m; sourceTree = "<group>"; };
		3BA6714F183B30E700246822 /* Utility.h */ = {isa = PBXFileReference; fileEncoding = 4; lastKnownFileType = sourcecode.c.h; path = Utility.h; sourceTree = "<group>"; };
		3BA67150183B30E700246822 /* Utility.m */ = {isa = PBXFileReference; fileEncoding = 4; lastKnownFileType = sourcecode.c.objc; path = Utility.m; sourceTree = "<group>"; };
		3BA67152183B35B500246822 /* ProfileViewController.h */ = {isa = PBXFileReference; fileEncoding = 4; lastKnownFileType = sourcecode.c.h; path = ProfileViewController.h; sourceTree = "<group>"; };
		3BA67153183B35B500246822 /* ProfileViewController.m */ = {isa = PBXFileReference; fileEncoding = 4; lastKnownFileType = sourcecode.c.objc; path = ProfileViewController.m; sourceTree = "<group>"; };
		3BA67155183B35BF00246822 /* VoteViewController.h */ = {isa = PBXFileReference; fileEncoding = 4; lastKnownFileType = sourcecode.c.h; path = VoteViewController.h; sourceTree = "<group>"; };
		3BA67156183B35BF00246822 /* VoteViewController.m */ = {isa = PBXFileReference; fileEncoding = 4; lastKnownFileType = sourcecode.c.objc; path = VoteViewController.m; sourceTree = "<group>"; };
		3BA67158183B3A7100246822 /* FileCache.h */ = {isa = PBXFileReference; fileEncoding = 4; lastKnownFileType = sourcecode.c.h; path = FileCache.h; sourceTree = "<group>"; };
		3BA67159183B3A7100246822 /* FileCache.m */ = {isa = PBXFileReference; fileEncoding = 4; lastKnownFileType = sourcecode.c.objc; path = FileCache.m; sourceTree = "<group>"; };
		3BA6715B183B3EF700246822 /* TappableImageView.h */ = {isa = PBXFileReference; fileEncoding = 4; lastKnownFileType = sourcecode.c.h; path = TappableImageView.h; sourceTree = "<group>"; };
		3BA6715C183B3EF700246822 /* TappableImageView.m */ = {isa = PBXFileReference; fileEncoding = 4; lastKnownFileType = sourcecode.c.objc; path = TappableImageView.m; sourceTree = "<group>"; };
		3BA67160183B41F700246822 /* Downloadable.h */ = {isa = PBXFileReference; fileEncoding = 4; lastKnownFileType = sourcecode.c.h; path = Downloadable.h; sourceTree = "<group>"; };
		3BA67161183B509B00246822 /* CommentViewController.h */ = {isa = PBXFileReference; fileEncoding = 4; lastKnownFileType = sourcecode.c.h; path = CommentViewController.h; sourceTree = "<group>"; };
		3BA67162183B509B00246822 /* CommentViewController.m */ = {isa = PBXFileReference; fileEncoding = 4; lastKnownFileType = sourcecode.c.objc; path = CommentViewController.m; sourceTree = "<group>"; };
		3BA6716418416CAE00246822 /* FacebookManager.h */ = {isa = PBXFileReference; fileEncoding = 4; lastKnownFileType = sourcecode.c.h; path = FacebookManager.h; sourceTree = "<group>"; };
		3BA6716518416CAE00246822 /* FacebookManager.m */ = {isa = PBXFileReference; fileEncoding = 4; lastKnownFileType = sourcecode.c.objc; path = FacebookManager.m; sourceTree = "<group>"; };
		3BA6716718416D2700246822 /* FacebookSDK.framework */ = {isa = PBXFileReference; lastKnownFileType = wrapper.framework; name = FacebookSDK.framework; path = ../../Documents/FacebookSDK/FacebookSDK.framework; sourceTree = "<group>"; };
		3BA671691842A74D00246822 /* ImageCroppingViewController.h */ = {isa = PBXFileReference; fileEncoding = 4; lastKnownFileType = sourcecode.c.h; path = ImageCroppingViewController.h; sourceTree = "<group>"; };
		3BA6716A1842A74D00246822 /* ImageCroppingViewController.m */ = {isa = PBXFileReference; fileEncoding = 4; lastKnownFileType = sourcecode.c.objc; path = ImageCroppingViewController.m; sourceTree = "<group>"; };
		3BA671721842BBD200246822 /* UserCreationViewController.h */ = {isa = PBXFileReference; fileEncoding = 4; lastKnownFileType = sourcecode.c.h; path = UserCreationViewController.h; sourceTree = "<group>"; };
		3BA671731842BBD200246822 /* UserCreationViewController.m */ = {isa = PBXFileReference; fileEncoding = 4; lastKnownFileType = sourcecode.c.objc; path = UserCreationViewController.m; sourceTree = "<group>"; };
		3BA671C91842F6F500246822 /* Back button@2x.png */ = {isa = PBXFileReference; lastKnownFileType = image.png; path = "Back button@2x.png"; sourceTree = "<group>"; };
		3BA671CA1842F6F500246822 /* Background@2x.png */ = {isa = PBXFileReference; lastKnownFileType = image.png; path = "Background@2x.png"; sourceTree = "<group>"; };
		3BA671CB1842F6F500246822 /* Disabled Gender@2x.png */ = {isa = PBXFileReference; lastKnownFileType = image.png; path = "Disabled Gender@2x.png"; sourceTree = "<group>"; };
		3BA671CC1842F6F500246822 /* Empty profile@2x.png */ = {isa = PBXFileReference; lastKnownFileType = image.png; path = "Empty profile@2x.png"; sourceTree = "<group>"; };
		3BA671CD1842F6F500246822 /* Energy bar filler@2x.png */ = {isa = PBXFileReference; lastKnownFileType = image.png; path = "Energy bar filler@2x.png"; sourceTree = "<group>"; };
		3BA671CE1842F6F500246822 /* Energy bar outline@2x.png */ = {isa = PBXFileReference; lastKnownFileType = image.png; path = "Energy bar outline@2x.png"; sourceTree = "<group>"; };
		3BA671CF1842F6F500246822 /* Facebook Connect@2x.png */ = {isa = PBXFileReference; lastKnownFileType = image.png; path = "Facebook Connect@2x.png"; sourceTree = "<group>"; };
		3BA671D01842F6F500246822 /* Facebook Share@2x.png */ = {isa = PBXFileReference; lastKnownFileType = image.png; path = "Facebook Share@2x.png"; sourceTree = "<group>"; };
		3BA671D11842F6F500246822 /* Female button opaque@2x.png */ = {isa = PBXFileReference; lastKnownFileType = image.png; path = "Female button opaque@2x.png"; sourceTree = "<group>"; };
		3BA671D21842F6F500246822 /* Female button@2x.png */ = {isa = PBXFileReference; lastKnownFileType = image.png; path = "Female button@2x.png"; sourceTree = "<group>"; };
		3BA671D31842F6F500246822 /* Fire button@2x.png */ = {isa = PBXFileReference; lastKnownFileType = image.png; path = "Fire button@2x.png"; sourceTree = "<group>"; };
		3BA671D41842F6F500246822 /* Fire layer@2x.png */ = {isa = PBXFileReference; lastKnownFileType = image.png; path = "Fire layer@2x.png"; sourceTree = "<group>"; };
		3BA671D51842F6F500246822 /* Flame header@2x.png */ = {isa = PBXFileReference; lastKnownFileType = image.png; path = "Flame header@2x.png"; sourceTree = "<group>"; };
		3BA671D61842F6F500246822 /* Flame profile@2x.png */ = {isa = PBXFileReference; lastKnownFileType = image.png; path = "Flame profile@2x.png"; sourceTree = "<group>"; };
		3BA671D71842F6F500246822 /* Frame Last Result@2x.png */ = {isa = PBXFileReference; lastKnownFileType = image.png; path = "Frame Last Result@2x.png"; sourceTree = "<group>"; };
		3BA671D81842F6F500246822 /* Gallery w Overlap@2x.png */ = {isa = PBXFileReference; lastKnownFileType = image.png; path = "Gallery w Overlap@2x.png"; sourceTree = "<group>"; };
		3BA671D91842F6F500246822 /* Green square (profile)@2x.png */ = {isa = PBXFileReference; lastKnownFileType = image.png; path = "Green square (profile)@2x.png"; sourceTree = "<group>"; };
		3BA671DA1842F6F500246822 /* Hotter@2x.png */ = {isa = PBXFileReference; lastKnownFileType = image.png; path = "Hotter@2x.png"; sourceTree = "<group>"; };
		3BA671DB1842F6F500246822 /* iPhone5-splash@2x.png */ = {isa = PBXFileReference; lastKnownFileType = image.png; path = "iPhone5-splash@2x.png"; sourceTree = "<group>"; };
		3BA671DC1842F6F500246822 /* Male button opaque@2x.png */ = {isa = PBXFileReference; lastKnownFileType = image.png; path = "Male button opaque@2x.png"; sourceTree = "<group>"; };
		3BA671DD1842F6F500246822 /* Male button@2x.png */ = {isa = PBXFileReference; lastKnownFileType = image.png; path = "Male button@2x.png"; sourceTree = "<group>"; };
		3BA671DE1842F6F500246822 /* Red square (profile)@2x.png */ = {isa = PBXFileReference; lastKnownFileType = image.png; path = "Red square (profile)@2x.png"; sourceTree = "<group>"; };
		3BA671DF1842F6F500246822 /* refresh cloud@2x.png */ = {isa = PBXFileReference; lastKnownFileType = image.png; path = "refresh cloud@2x.png"; sourceTree = "<group>"; };
		3BA671E01842F6F500246822 /* Sample Comment View Headshot 2@2x.png */ = {isa = PBXFileReference; lastKnownFileType = image.png; path = "Sample Comment View Headshot 2@2x.png"; sourceTree = "<group>"; };
		3BA671E11842F6F500246822 /* Sample Comment View Headshot@2x.png */ = {isa = PBXFileReference; lastKnownFileType = image.png; path = "Sample Comment View Headshot@2x.png"; sourceTree = "<group>"; };
		3BA671E21842F6F500246822 /* Sample Matching View Headshot Botton@2x.png */ = {isa = PBXFileReference; lastKnownFileType = image.png; path = "Sample Matching View Headshot Botton@2x.png"; sourceTree = "<group>"; };
		3BA671E31842F6F500246822 /* Sample Matching View Headshot Top@2x.png */ = {isa = PBXFileReference; lastKnownFileType = image.png; path = "Sample Matching View Headshot Top@2x.png"; sourceTree = "<group>"; };
		3BA671E41842F6F500246822 /* Save Image button@2x.png */ = {isa = PBXFileReference; lastKnownFileType = image.png; path = "Save Image button@2x.png"; sourceTree = "<group>"; };
		3BA671E51842F6F500246822 /* Save profile@2x.png */ = {isa = PBXFileReference; lastKnownFileType = image.png; path = "Save profile@2x.png"; sourceTree = "<group>"; };
		3BA671E61842F6F500246822 /* Share on Facebook profile@2x.png */ = {isa = PBXFileReference; lastKnownFileType = image.png; path = "Share on Facebook profile@2x.png"; sourceTree = "<group>"; };
		3BA671E71842F6F500246822 /* Small green square (matching)@2x.png */ = {isa = PBXFileReference; lastKnownFileType = image.png; path = "Small green square (matching)@2x.png"; sourceTree = "<group>"; };
		3BA671E81842F6F500246822 /* Small red square matching@2x.png */ = {isa = PBXFileReference; lastKnownFileType = image.png; path = "Small red square matching@2x.png"; sourceTree = "<group>"; };
		3BA671E91842F6F500246822 /* Splash screen@2x.png */ = {isa = PBXFileReference; lastKnownFileType = image.png; path = "Splash screen@2x.png"; sourceTree = "<group>"; };
		3BA671EA1842F6F500246822 /* Splash-Screen@2x.png */ = {isa = PBXFileReference; lastKnownFileType = image.png; path = "Splash-Screen@2x.png"; sourceTree = "<group>"; };
		3BA671EB1842F6F500246822 /* star@2x.png */ = {isa = PBXFileReference; lastKnownFileType = image.png; path = "star@2x.png"; sourceTree = "<group>"; };
		3BA671EC1842F6F500246822 /* Tab Bar@2x.png */ = {isa = PBXFileReference; lastKnownFileType = image.png; path = "Tab Bar@2x.png"; sourceTree = "<group>"; };
		3BA671ED1842F6F500246822 /* Tall green rectangle@2x.png */ = {isa = PBXFileReference; lastKnownFileType = image.png; path = "Tall green rectangle@2x.png"; sourceTree = "<group>"; };
		3BA671EE1842F6F500246822 /* Text input@2x.png */ = {isa = PBXFileReference; lastKnownFileType = image.png; path = "Text input@2x.png"; sourceTree = "<group>"; };
		3BA671EF1842F6F500246822 /* Upload Photo button@2x.png */ = {isa = PBXFileReference; lastKnownFileType = image.png; path = "Upload Photo button@2x.png"; sourceTree = "<group>"; };
		3BA671F01842F6F500246822 /* user@2x.png */ = {isa = PBXFileReference; lastKnownFileType = image.png; path = "user@2x.png"; sourceTree = "<group>"; };
		3BA671F11842F6F500246822 /* Wide green rectangle profile@2x.png */ = {isa = PBXFileReference; lastKnownFileType = image.png; path = "Wide green rectangle profile@2x.png"; sourceTree = "<group>"; };
		3BA6721B1843007D00246822 /* ImagePickerViewController.h */ = {isa = PBXFileReference; fileEncoding = 4; lastKnownFileType = sourcecode.c.h; path = ImagePickerViewController.h; sourceTree = "<group>"; };
		3BA6721C1843007D00246822 /* ImagePickerViewController.m */ = {isa = PBXFileReference; fileEncoding = 4; lastKnownFileType = sourcecode.c.objc; path = ImagePickerViewController.m; sourceTree = "<group>"; };
		3BA672211843198000246822 /* StatusBarFreeImagePickerViewController.h */ = {isa = PBXFileReference; fileEncoding = 4; lastKnownFileType = sourcecode.c.h; path = StatusBarFreeImagePickerViewController.h; sourceTree = "<group>"; };
		3BA672221843198000246822 /* StatusBarFreeImagePickerViewController.m */ = {isa = PBXFileReference; fileEncoding = 4; lastKnownFileType = sourcecode.c.objc; path = StatusBarFreeImagePickerViewController.m; sourceTree = "<group>"; };
		3BA6722518431DEB00246822 /* NotificationNames.h */ = {isa = PBXFileReference; fileEncoding = 4; lastKnownFileType = sourcecode.c.h; path = NotificationNames.h; sourceTree = "<group>"; };
		3BCF65CA184D96AD00C9996A /* BasicNavigationBar.h */ = {isa = PBXFileReference; fileEncoding = 4; lastKnownFileType = sourcecode.c.h; path = BasicNavigationBar.h; sourceTree = "<group>"; };
		3BCF65CB184D96AD00C9996A /* BasicNavigationBar.m */ = {isa = PBXFileReference; fileEncoding = 4; lastKnownFileType = sourcecode.c.objc; path = BasicNavigationBar.m; sourceTree = "<group>"; };
		3BCF65CD184D986D00C9996A /* BasicNavigationBar.xib */ = {isa = PBXFileReference; fileEncoding = 4; lastKnownFileType = file.xib; path = BasicNavigationBar.xib; sourceTree = "<group>"; };
		3BFC07E2184B2BDC005F279D /* CompetitionCellView.xib */ = {isa = PBXFileReference; fileEncoding = 4; lastKnownFileType = file.xib; path = CompetitionCellView.xib; sourceTree = "<group>"; };
/* End PBXFileReference section */

/* Begin PBXFrameworksBuildPhase section */
		3BA670D71839B84F00246822 /* Frameworks */ = {
			isa = PBXFrameworksBuildPhase;
			buildActionMask = 2147483647;
			files = (
				3B5365591856F59E001E8E34 /* AdSupport.framework in Frameworks */,
				3BA671391839C1D500246822 /* SystemConfiguration.framework in Frameworks */,
				3B53651118543750001E8E34 /* Crashlytics.framework in Frameworks */,
				3BA671371839C1CF00246822 /* StoreKit.framework in Frameworks */,
				3BA671351839C1C900246822 /* Security.framework in Frameworks */,
				3BA671331839C1C200246822 /* QuartzCore.framework in Frameworks */,
				3B4640691856F66200632FFC /* Parse.framework in Frameworks */,
				3BA671311839C1BC00246822 /* MobileCoreServices.framework in Frameworks */,
				3BA6712F1839C1B600246822 /* libz.1.1.3.dylib in Frameworks */,
				3BA6712D1839C1AE00246822 /* CoreLocation.framework in Frameworks */,
				3BA670E01839B84F00246822 /* CoreGraphics.framework in Frameworks */,
				3BA6712B1839C1A300246822 /* CFNetwork.framework in Frameworks */,
				3BA671291839C19A00246822 /* AudioToolbox.framework in Frameworks */,
				3BA670E21839B84F00246822 /* UIKit.framework in Frameworks */,
				3BA670DE1839B84F00246822 /* Foundation.framework in Frameworks */,
				3BA6716818416D2700246822 /* FacebookSDK.framework in Frameworks */,
				3B46406D1856F71700632FFC /* Surveit.framework in Frameworks */,
			);
			runOnlyForDeploymentPostprocessing = 0;
		};
		3BA670FB1839B84F00246822 /* Frameworks */ = {
			isa = PBXFrameworksBuildPhase;
			buildActionMask = 2147483647;
			files = (
				3BA671001839B84F00246822 /* XCTest.framework in Frameworks */,
				3BA671021839B84F00246822 /* UIKit.framework in Frameworks */,
				3BA671011839B84F00246822 /* Foundation.framework in Frameworks */,
			);
			runOnlyForDeploymentPostprocessing = 0;
		};
/* End PBXFrameworksBuildPhase section */

/* Begin PBXGroup section */
		3B53651D18559644001E8E34 /* icon */ = {
			isa = PBXGroup;
			children = (
				3B53651E18559644001E8E34 /* ios */,
				3B53652918559644001E8E34 /* ios7 */,
			);
			name = icon;
			path = Resources/icon;
			sourceTree = "<group>";
		};
		3B53651E18559644001E8E34 /* ios */ = {
			isa = PBXGroup;
			children = (
				3B53651F18559644001E8E34 /* Icon-72.png */,
				3B53652018559644001E8E34 /* Icon-72@2x.png */,
				3B53652118559644001E8E34 /* Icon-Small-50.png */,
				3B53652218559644001E8E34 /* Icon-Small-50@2x.png */,
				3B53652318559644001E8E34 /* Icon-Small.png */,
				3B53652418559644001E8E34 /* Icon-Small@2x.png */,
				3B53652518559644001E8E34 /* Icon.png */,
				3B53652618559644001E8E34 /* Icon@2x.png */,
				3B53652718559644001E8E34 /* iTunesArtwork.png */,
				3B53652818559644001E8E34 /* iTunesArtwork@2x.png */,
			);
			path = ios;
			sourceTree = "<group>";
		};
		3B53652918559644001E8E34 /* ios7 */ = {
			isa = PBXGroup;
			children = (
				3B53652A18559644001E8E34 /* Icon-40.png */,
				3B53652B18559644001E8E34 /* Icon-40@2x.png */,
				3B53652C18559644001E8E34 /* Icon-60.png */,
				3B53652D18559644001E8E34 /* Icon-60@2x.png */,
				3B53652E18559644001E8E34 /* Icon-72.png */,
				3B53652F18559644001E8E34 /* Icon-72@2x.png */,
				3B53653018559644001E8E34 /* Icon-76.png */,
				3B53653118559644001E8E34 /* Icon-76@2x.png */,
				3B53653218559644001E8E34 /* Icon-Small-50.png */,
				3B53653318559644001E8E34 /* Icon-Small-50@2x.png */,
				3B53653418559644001E8E34 /* Icon-Small.png */,
				3B53653518559644001E8E34 /* Icon-Small@2x.png */,
				3B53653618559644001E8E34 /* Icon.png */,
				3B53653718559644001E8E34 /* Icon@2x.png */,
				3B53653818559644001E8E34 /* iTunesArtwork.png */,
				3B53653918559644001E8E34 /* iTunesArtwork@2x.png */,
			);
			path = ios7;
			sourceTree = "<group>";
		};
		3BA670D11839B84F00246822 = {
			isa = PBXGroup;
			children = (
				3B46406E1856F76300632FFC /* SurveitSDK.bundle */,
				3B46406C1856F71700632FFC /* Surveit.framework */,
				3B53651D18559644001E8E34 /* icon */,
				3B53651018543750001E8E34 /* Crashlytics.framework */,
				3BFC07E1184B2BCD005F279D /* XIBs */,
				3BA671C81842F6F500246822 /* Images */,
				3BA6716718416D2700246822 /* FacebookSDK.framework */,
				3BA670E31839B84F00246822 /* WhosHotter */,
				3BA671051839B84F00246822 /* WhosHotterTests */,
				3BA670DC1839B84F00246822 /* Frameworks */,
				3BA670DB1839B84F00246822 /* Products */,
			);
			sourceTree = "<group>";
		};
		3BA670DB1839B84F00246822 /* Products */ = {
			isa = PBXGroup;
			children = (
				3BA670DA1839B84F00246822 /* Hotter.app */,
				3BA670FE1839B84F00246822 /* WhosHotterTests.xctest */,
			);
			name = Products;
			sourceTree = "<group>";
		};
		3BA670DC1839B84F00246822 /* Frameworks */ = {
			isa = PBXGroup;
			children = (
				3B5365581856F59E001E8E34 /* AdSupport.framework */,
				3BA671381839C1D500246822 /* SystemConfiguration.framework */,
				3BA671361839C1CF00246822 /* StoreKit.framework */,
				3BA671341839C1C900246822 /* Security.framework */,
				3BA671321839C1C200246822 /* QuartzCore.framework */,
				3BA671301839C1BC00246822 /* MobileCoreServices.framework */,
				3BA6712E1839C1B600246822 /* libz.1.1.3.dylib */,
				3BA6712C1839C1AE00246822 /* CoreLocation.framework */,
				3BA6712A1839C1A300246822 /* CFNetwork.framework */,
				3BA671281839C19A00246822 /* AudioToolbox.framework */,
				3BA670DD1839B84F00246822 /* Foundation.framework */,
				3BA670DF1839B84F00246822 /* CoreGraphics.framework */,
				3BA670E11839B84F00246822 /* UIKit.framework */,
				3BA670FF1839B84F00246822 /* XCTest.framework */,
			);
			name = Frameworks;
			sourceTree = "<group>";
		};
		3BA670E31839B84F00246822 /* WhosHotter */ = {
			isa = PBXGroup;
			children = (
				3BA6722418431DD900246822 /* Utilities */,
				3BA6715F183B41E600246822 /* Protocols */,
				3BA6715E183B3EFA00246822 /* ViewController */,
				3BA6713D1839C52B00246822 /* Views */,
				3BA6711E1839BF4D00246822 /* PFModels */,
				3BA671171839B8CC00246822 /* Models */,
				3BA670EC1839B84F00246822 /* AppDelegate.h */,
				3B4640681856F66200632FFC /* Parse.framework */,
				3BA670ED1839B84F00246822 /* AppDelegate.m */,
				3BA670EF1839B84F00246822 /* Main_iPhone.storyboard */,
				3BA670F21839B84F00246822 /* Main_iPad.storyboard */,
				3BA670F51839B84F00246822 /* ViewController.h */,
				3BA670F61839B84F00246822 /* ViewController.m */,
				3BA670F81839B84F00246822 /* Images.xcassets */,
				3BA670E41839B84F00246822 /* Supporting Files */,
				3BA6713A1839C33100246822 /* Config.h */,
				3BA6713B1839C33100246822 /* Config.m */,
			);
			path = WhosHotter;
			sourceTree = "<group>";
		};
		3BA670E41839B84F00246822 /* Supporting Files */ = {
			isa = PBXGroup;
			children = (
				3BA670E51839B84F00246822 /* WhosHotter-Info.plist */,
				3BA670E61839B84F00246822 /* InfoPlist.strings */,
				3BA670E91839B84F00246822 /* main.m */,
				3BA670EB1839B84F00246822 /* WhosHotter-Prefix.pch */,
			);
			name = "Supporting Files";
			sourceTree = "<group>";
		};
		3BA671051839B84F00246822 /* WhosHotterTests */ = {
			isa = PBXGroup;
			children = (
				3BA6710B1839B84F00246822 /* WhosHotterTests.m */,
				3BA671061839B84F00246822 /* Supporting Files */,
			);
			path = WhosHotterTests;
			sourceTree = "<group>";
		};
		3BA671061839B84F00246822 /* Supporting Files */ = {
			isa = PBXGroup;
			children = (
				3BA671071839B84F00246822 /* WhosHotterTests-Info.plist */,
				3BA671081839B84F00246822 /* InfoPlist.strings */,
			);
			name = "Supporting Files";
			sourceTree = "<group>";
		};
		3BA671171839B8CC00246822 /* Models */ = {
			isa = PBXGroup;
			children = (
				3BA671181839B8DC00246822 /* User.h */,
				3BA671191839B8DC00246822 /* User.m */,
				3BA6711B1839B93C00246822 /* InitializationManager.h */,
				3BA6711C1839B93C00246822 /* InitializationManager.m */,
				3BA671251839C03D00246822 /* CompetitionCache.h */,
				3BA671261839C03D00246822 /* CompetitionCache.m */,
				3BA671411839D85600246822 /* FileManager.h */,
				3BA671421839D85600246822 /* FileManager.m */,
				3BA6714F183B30E700246822 /* Utility.h */,
				3BA67150183B30E700246822 /* Utility.m */,
				3BA67158183B3A7100246822 /* FileCache.h */,
				3BA67159183B3A7100246822 /* FileCache.m */,
				3BA6716418416CAE00246822 /* FacebookManager.h */,
				3BA6716518416CAE00246822 /* FacebookManager.m */,
				3B24E52E1851B38600461568 /* TimeManager.h */,
				3B24E52F1851B38600461568 /* TimeManager.m */,
				3B53651818555577001E8E34 /* EventLogger.h */,
				3B53651918555577001E8E34 /* EventLogger.m */,
				3B46407418570A9200632FFC /* HotterFacebookManager.h */,
				3B46407518570A9200632FFC /* HotterFacebookManager.m */,
			);
			name = Models;
			sourceTree = "<group>";
		};
		3BA6711E1839BF4D00246822 /* PFModels */ = {
			isa = PBXGroup;
			children = (
				3BA6711F1839BF6000246822 /* Competition.h */,
				3BA671201839BF6000246822 /* Competition.m */,
				3BA671221839BF6A00246822 /* PersistedObject.h */,
				3BA671231839BF6A00246822 /* PersistedObject.m */,
				3BA6713E1839C69C00246822 /* Comment.h */,
				3BA6713F1839C69C00246822 /* Comment.m */,
				3B4640701856FCA900632FFC /* Report.h */,
				3B4640711856FCA900632FFC /* Report.m */,
			);
			name = PFModels;
			sourceTree = "<group>";
		};
		3BA6713D1839C52B00246822 /* Views */ = {
			isa = PBXGroup;
			children = (
				3BA6715B183B3EF700246822 /* TappableImageView.h */,
				3BA6715C183B3EF700246822 /* TappableImageView.m */,
				3BCF65CA184D96AD00C9996A /* BasicNavigationBar.h */,
				3BCF65CB184D96AD00C9996A /* BasicNavigationBar.m */,
				3B24E51D184D9B8000461568 /* BasicNavigationBarView.h */,
				3B24E51E184D9B8000461568 /* BasicNavigationBarView.m */,
				3B24E52A1851B22800461568 /* CommentCell.h */,
				3B24E52B1851B22800461568 /* CommentCell.m */,
				3B53651518553D86001E8E34 /* UIImage+ImageEffects.h */,
				3B53651618553D86001E8E34 /* UIImage+ImageEffects.m */,
			);
			name = Views;
			sourceTree = "<group>";
		};
		3BA6715E183B3EFA00246822 /* ViewController */ = {
			isa = PBXGroup;
			children = (
				3BA67152183B35B500246822 /* ProfileViewController.h */,
				3BA67153183B35B500246822 /* ProfileViewController.m */,
				3BA67155183B35BF00246822 /* VoteViewController.h */,
				3BA67156183B35BF00246822 /* VoteViewController.m */,
				3BA67161183B509B00246822 /* CommentViewController.h */,
				3BA67162183B509B00246822 /* CommentViewController.m */,
				3BA671691842A74D00246822 /* ImageCroppingViewController.h */,
				3BA6716A1842A74D00246822 /* ImageCroppingViewController.m */,
				3BA671721842BBD200246822 /* UserCreationViewController.h */,
				3BA671731842BBD200246822 /* UserCreationViewController.m */,
				3BA6721B1843007D00246822 /* ImagePickerViewController.h */,
				3BA6721C1843007D00246822 /* ImagePickerViewController.m */,
				3BA672211843198000246822 /* StatusBarFreeImagePickerViewController.h */,
				3BA672221843198000246822 /* StatusBarFreeImagePickerViewController.m */,
				3B24E521184DBBCE00461568 /* MainViewController.h */,
				3B24E522184DBBCE00461568 /* MainViewController.m */,
				3B24E524184DC35B00461568 /* TestViewController.h */,
				3B24E525184DC35B00461568 /* TestViewController.m */,
			);
			name = ViewController;
			sourceTree = "<group>";
		};
		3BA6715F183B41E600246822 /* Protocols */ = {
			isa = PBXGroup;
			children = (
				3BA67160183B41F700246822 /* Downloadable.h */,
				3B464073185707BF00632FFC /* OpenGraphProtocols.h */,
			);
			name = Protocols;
			sourceTree = "<group>";
		};
		3BA671C81842F6F500246822 /* Images */ = {
			isa = PBXGroup;
			children = (
				3BA671C91842F6F500246822 /* Back button@2x.png */,
				3BA671CA1842F6F500246822 /* Background@2x.png */,
				3BA671CB1842F6F500246822 /* Disabled Gender@2x.png */,
				3BA671CC1842F6F500246822 /* Empty profile@2x.png */,
				3BA671CD1842F6F500246822 /* Energy bar filler@2x.png */,
				3BA671CE1842F6F500246822 /* Energy bar outline@2x.png */,
				3BA671CF1842F6F500246822 /* Facebook Connect@2x.png */,
				3BA671D01842F6F500246822 /* Facebook Share@2x.png */,
				3BA671D11842F6F500246822 /* Female button opaque@2x.png */,
				3BA671D21842F6F500246822 /* Female button@2x.png */,
				3BA671D31842F6F500246822 /* Fire button@2x.png */,
				3BA671D41842F6F500246822 /* Fire layer@2x.png */,
				3BA671D51842F6F500246822 /* Flame header@2x.png */,
				3BA671D61842F6F500246822 /* Flame profile@2x.png */,
				3BA671D71842F6F500246822 /* Frame Last Result@2x.png */,
				3BA671D81842F6F500246822 /* Gallery w Overlap@2x.png */,
				3BA671D91842F6F500246822 /* Green square (profile)@2x.png */,
				3BA671DA1842F6F500246822 /* Hotter@2x.png */,
				3B4640791858730E00632FFC /* Large_flame@2x.png */,
				3BA671DB1842F6F500246822 /* iPhone5-splash@2x.png */,
				3BA671DC1842F6F500246822 /* Male button opaque@2x.png */,
				3BA671DD1842F6F500246822 /* Male button@2x.png */,
				3B33A8901853107F00756798 /* Picture frame@2x.png */,
				3BA671DE1842F6F500246822 /* Red square (profile)@2x.png */,
				3BA671DF1842F6F500246822 /* refresh cloud@2x.png */,
				3B4640771858647100632FFC /* Report_button@2x.png */,
				3BA671E01842F6F500246822 /* Sample Comment View Headshot 2@2x.png */,
				3BA671E11842F6F500246822 /* Sample Comment View Headshot@2x.png */,
				3BA671E21842F6F500246822 /* Sample Matching View Headshot Botton@2x.png */,
				3BA671E31842F6F500246822 /* Sample Matching View Headshot Top@2x.png */,
				3BA671E41842F6F500246822 /* Save Image button@2x.png */,
				3BA671E51842F6F500246822 /* Save profile@2x.png */,
				3BA671E61842F6F500246822 /* Share on Facebook profile@2x.png */,
				3BA671E71842F6F500246822 /* Small green square (matching)@2x.png */,
				3BA671E81842F6F500246822 /* Small red square matching@2x.png */,
				3BA671E91842F6F500246822 /* Splash screen@2x.png */,
				3BA671EA1842F6F500246822 /* Splash-Screen@2x.png */,
				3BA671EB1842F6F500246822 /* star@2x.png */,
				3BA671EC1842F6F500246822 /* Tab Bar@2x.png */,
				3BA671ED1842F6F500246822 /* Tall green rectangle@2x.png */,
				3BA671EE1842F6F500246822 /* Text input@2x.png */,
				3BA671EF1842F6F500246822 /* Upload Photo button@2x.png */,
				3BA671F01842F6F500246822 /* user@2x.png */,
				3B24E527184F142000461568 /* versus@2x.png */,
				3B53651B1855592A001E8E34 /* versusBar@2x.png */,
				3BA671F11842F6F500246822 /* Wide green rectangle profile@2x.png */,
			);
			name = Images;
			path = Resources/Images;
			sourceTree = "<group>";
		};
		3BA6722418431DD900246822 /* Utilities */ = {
			isa = PBXGroup;
			children = (
				3BA6722518431DEB00246822 /* NotificationNames.h */,
			);
			name = Utilities;
			sourceTree = "<group>";
		};
		3BFC07E1184B2BCD005F279D /* XIBs */ = {
			isa = PBXGroup;
			children = (
				3BFC07E2184B2BDC005F279D /* CompetitionCellView.xib */,
				3BCF65CD184D986D00C9996A /* BasicNavigationBar.xib */,
			);
			name = XIBs;
			sourceTree = "<group>";
		};
/* End PBXGroup section */

/* Begin PBXNativeTarget section */
		3BA670D91839B84F00246822 /* Hotter */ = {
			isa = PBXNativeTarget;
			buildConfigurationList = 3BA6710F1839B84F00246822 /* Build configuration list for PBXNativeTarget "Hotter" */;
			buildPhases = (
				3BA670D61839B84F00246822 /* Sources */,
				3BA670D71839B84F00246822 /* Frameworks */,
				3BA670D81839B84F00246822 /* Resources */,
				3B53650F1854372B001E8E34 /* ShellScript */,
			);
			buildRules = (
			);
			dependencies = (
			);
			name = Hotter;
			productName = WhosHotter;
			productReference = 3BA670DA1839B84F00246822 /* Hotter.app */;
			productType = "com.apple.product-type.application";
		};
		3BA670FD1839B84F00246822 /* WhosHotterTests */ = {
			isa = PBXNativeTarget;
			buildConfigurationList = 3BA671121839B84F00246822 /* Build configuration list for PBXNativeTarget "WhosHotterTests" */;
			buildPhases = (
				3BA670FA1839B84F00246822 /* Sources */,
				3BA670FB1839B84F00246822 /* Frameworks */,
				3BA670FC1839B84F00246822 /* Resources */,
			);
			buildRules = (
			);
			dependencies = (
				3BA671041839B84F00246822 /* PBXTargetDependency */,
			);
			name = WhosHotterTests;
			productName = WhosHotterTests;
			productReference = 3BA670FE1839B84F00246822 /* WhosHotterTests.xctest */;
			productType = "com.apple.product-type.bundle.unit-test";
		};
/* End PBXNativeTarget section */

/* Begin PBXProject section */
		3BA670D21839B84F00246822 /* Project object */ = {
			isa = PBXProject;
			attributes = {
				LastUpgradeCheck = 0500;
				ORGANIZATIONNAME = "Awesome Apps";
				TargetAttributes = {
					3BA670D91839B84F00246822 = {
						DevelopmentTeam = FBGV445L43;
					};
					3BA670FD1839B84F00246822 = {
						TestTargetID = 3BA670D91839B84F00246822;
					};
				};
			};
			buildConfigurationList = 3BA670D51839B84F00246822 /* Build configuration list for PBXProject "WhosHotter" */;
			compatibilityVersion = "Xcode 3.2";
			developmentRegion = English;
			hasScannedForEncodings = 0;
			knownRegions = (
				en,
				Base,
			);
			mainGroup = 3BA670D11839B84F00246822;
			productRefGroup = 3BA670DB1839B84F00246822 /* Products */;
			projectDirPath = "";
			projectRoot = "";
			targets = (
				3BA670D91839B84F00246822 /* Hotter */,
				3BA670FD1839B84F00246822 /* WhosHotterTests */,
			);
		};
/* End PBXProject section */

/* Begin PBXResourcesBuildPhase section */
		3BA670D81839B84F00246822 /* Resources */ = {
			isa = PBXResourcesBuildPhase;
			buildActionMask = 2147483647;
			files = (
				3BA672181842F6F500246822 /* Upload Photo button@2x.png in Resources */,
				3BA672161842F6F500246822 /* Tall green rectangle@2x.png in Resources */,
				3B53655318559644001E8E34 /* iTunesArtwork@2x.png in Resources */,
				3B53654518559644001E8E34 /* Icon-40@2x.png in Resources */,
				3B53654F18559644001E8E34 /* Icon-Small@2x.png in Resources */,
				3BA671F31842F6F500246822 /* Background@2x.png in Resources */,
				3B53654818559644001E8E34 /* Icon-72.png in Resources */,
				3BA671FD1842F6F500246822 /* Fire layer@2x.png in Resources */,
				3BCF65CE184D986D00C9996A /* BasicNavigationBar.xib in Resources */,
				3B53654A18559644001E8E34 /* Icon-76.png in Resources */,
				3B46406F1856F76300632FFC /* SurveitSDK.bundle in Resources */,
				3BA672111842F6F500246822 /* Small red square matching@2x.png in Resources */,
				3BA671F71842F6F500246822 /* Energy bar outline@2x.png in Resources */,
				3BA6720D1842F6F500246822 /* Save Image button@2x.png in Resources */,
				3BA671F51842F6F500246822 /* Empty profile@2x.png in Resources */,
				3BA671F91842F6F500246822 /* Facebook Share@2x.png in Resources */,
				3BA671F41842F6F500246822 /* Disabled Gender@2x.png in Resources */,
				3B53653A18559644001E8E34 /* Icon-72.png in Resources */,
				3BA672101842F6F500246822 /* Small green square (matching)@2x.png in Resources */,
				3B24E528184F142000461568 /* versus@2x.png in Resources */,
				3BA672131842F6F500246822 /* Splash-Screen@2x.png in Resources */,
				3BA6720B1842F6F500246822 /* Sample Matching View Headshot Botton@2x.png in Resources */,
				3BA671F81842F6F500246822 /* Facebook Connect@2x.png in Resources */,
				3B53654C18559644001E8E34 /* Icon-Small-50.png in Resources */,
				3BA671FF1842F6F500246822 /* Flame profile@2x.png in Resources */,
				3BA672091842F6F500246822 /* Sample Comment View Headshot 2@2x.png in Resources */,
				3BA671FC1842F6F500246822 /* Fire button@2x.png in Resources */,
				3B33A8911853107F00756798 /* Picture frame@2x.png in Resources */,
				3B53653C18559644001E8E34 /* Icon-Small-50.png in Resources */,
				3B53654E18559644001E8E34 /* Icon-Small.png in Resources */,
				3B46407A1858730E00632FFC /* Large_flame@2x.png in Resources */,
				3BA6720F1842F6F500246822 /* Share on Facebook profile@2x.png in Resources */,
				3B53653E18559644001E8E34 /* Icon-Small.png in Resources */,
				3BA672081842F6F500246822 /* refresh cloud@2x.png in Resources */,
				3BA672011842F6F500246822 /* Gallery w Overlap@2x.png in Resources */,
				3BA672171842F6F500246822 /* Text input@2x.png in Resources */,
				3B53654118559644001E8E34 /* Icon@2x.png in Resources */,
				3B53654B18559644001E8E34 /* Icon-76@2x.png in Resources */,
				3B53654018559644001E8E34 /* Icon.png in Resources */,
				3BA671FE1842F6F500246822 /* Flame header@2x.png in Resources */,
				3BA672121842F6F500246822 /* Splash screen@2x.png in Resources */,
				3BA670F41839B84F00246822 /* Main_iPad.storyboard in Resources */,
				3BFC07E3184B2BDC005F279D /* CompetitionCellView.xib in Resources */,
				3BA672141842F6F500246822 /* star@2x.png in Resources */,
				3B53655118559644001E8E34 /* Icon@2x.png in Resources */,
				3BA672051842F6F500246822 /* Male button opaque@2x.png in Resources */,
				3B53654718559644001E8E34 /* Icon-60@2x.png in Resources */,
				3B53654418559644001E8E34 /* Icon-40.png in Resources */,
				3BA672151842F6F500246822 /* Tab Bar@2x.png in Resources */,
				3BA670F91839B84F00246822 /* Images.xcassets in Resources */,
				3B53654218559644001E8E34 /* iTunesArtwork.png in Resources */,
				3B53653D18559644001E8E34 /* Icon-Small-50@2x.png in Resources */,
				3BA671F61842F6F500246822 /* Energy bar filler@2x.png in Resources */,
				3BA672031842F6F500246822 /* Hotter@2x.png in Resources */,
				3BA6720C1842F6F500246822 /* Sample Matching View Headshot Top@2x.png in Resources */,
				3B53655018559644001E8E34 /* Icon.png in Resources */,
				3BA671FA1842F6F500246822 /* Female button opaque@2x.png in Resources */,
				3B53653F18559644001E8E34 /* Icon-Small@2x.png in Resources */,
				3BA670F11839B84F00246822 /* Main_iPhone.storyboard in Resources */,
				3BA671F21842F6F500246822 /* Back button@2x.png in Resources */,
				3B53654D18559644001E8E34 /* Icon-Small-50@2x.png in Resources */,
				3B53654618559644001E8E34 /* Icon-60.png in Resources */,
				3BA6720E1842F6F500246822 /* Save profile@2x.png in Resources */,
				3B53653B18559644001E8E34 /* Icon-72@2x.png in Resources */,
				3BA670E81839B84F00246822 /* InfoPlist.strings in Resources */,
				3B53654318559644001E8E34 /* iTunesArtwork@2x.png in Resources */,
				3BA672061842F6F500246822 /* Male button@2x.png in Resources */,
				3BA672001842F6F500246822 /* Frame Last Result@2x.png in Resources */,
				3BA6720A1842F6F500246822 /* Sample Comment View Headshot@2x.png in Resources */,
				3BA671FB1842F6F500246822 /* Female button@2x.png in Resources */,
				3B4640781858647100632FFC /* Report_button@2x.png in Resources */,
				3BA672041842F6F500246822 /* iPhone5-splash@2x.png in Resources */,
				3B53651C1855592A001E8E34 /* versusBar@2x.png in Resources */,
				3B53655218559644001E8E34 /* iTunesArtwork.png in Resources */,
				3BA6721A1842F6F500246822 /* Wide green rectangle profile@2x.png in Resources */,
				3BA672071842F6F500246822 /* Red square (profile)@2x.png in Resources */,
				3BA672021842F6F500246822 /* Green square (profile)@2x.png in Resources */,
				3BA672191842F6F500246822 /* user@2x.png in Resources */,
				3B53654918559644001E8E34 /* Icon-72@2x.png in Resources */,
			);
			runOnlyForDeploymentPostprocessing = 0;
		};
		3BA670FC1839B84F00246822 /* Resources */ = {
			isa = PBXResourcesBuildPhase;
			buildActionMask = 2147483647;
			files = (
				3BA6710A1839B84F00246822 /* InfoPlist.strings in Resources */,
			);
			runOnlyForDeploymentPostprocessing = 0;
		};
/* End PBXResourcesBuildPhase section */

/* Begin PBXShellScriptBuildPhase section */
		3B53650F1854372B001E8E34 /* ShellScript */ = {
			isa = PBXShellScriptBuildPhase;
			buildActionMask = 2147483647;
			files = (
			);
			inputPaths = (
			);
			outputPaths = (
			);
			runOnlyForDeploymentPostprocessing = 0;
			shellPath = /bin/sh;
			shellScript = "./Crashlytics.framework/run 841ee581cc7e652c6644a04164d5638302a00365";
		};
/* End PBXShellScriptBuildPhase section */

/* Begin PBXSourcesBuildPhase section */
		3BA670D61839B84F00246822 /* Sources */ = {
			isa = PBXSourcesBuildPhase;
			buildActionMask = 2147483647;
			files = (
				3BA67157183B35BF00246822 /* VoteViewController.m in Sources */,
				3BA6711A1839B8DC00246822 /* User.m in Sources */,
				3BA670F71839B84F00246822 /* ViewController.m in Sources */,
				3B24E523184DBBCE00461568 /* MainViewController.m in Sources */,
				3BCF65CC184D96AD00C9996A /* BasicNavigationBar.m in Sources */,
				3BA670EE1839B84F00246822 /* AppDelegate.m in Sources */,
				3B24E51F184D9B8000461568 /* BasicNavigationBarView.m in Sources */,
				3BA6716B1842A74D00246822 /* ImageCroppingViewController.m in Sources */,
				3BA671401839C69C00246822 /* Comment.m in Sources */,
				3BA6715D183B3EF700246822 /* TappableImageView.m in Sources */,
				3BA67151183B30E700246822 /* Utility.m in Sources */,
				3BA6716618416CAE00246822 /* FacebookManager.m in Sources */,
				3BA671211839BF6000246822 /* Competition.m in Sources */,
				3BA671741842BBD200246822 /* UserCreationViewController.m in Sources */,
				3B53651718553D86001E8E34 /* UIImage+ImageEffects.m in Sources */,
				3B24E526184DC35B00461568 /* TestViewController.m in Sources */,
				3BA671271839C03D00246822 /* CompetitionCache.m in Sources */,
				3BA671431839D85600246822 /* FileManager.m in Sources */,
				3BA672231843198000246822 /* StatusBarFreeImagePickerViewController.m in Sources */,
				3B24E5301851B38600461568 /* TimeManager.m in Sources */,
				3B53651A18555577001E8E34 /* EventLogger.m in Sources */,
				3BA67163183B509B00246822 /* CommentViewController.m in Sources */,
				3B24E52C1851B22800461568 /* CommentCell.m in Sources */,
				3BA6715A183B3A7100246822 /* FileCache.m in Sources */,
				3B4640721856FCA900632FFC /* Report.m in Sources */,
				3BA671241839BF6A00246822 /* PersistedObject.m in Sources */,
				3BA67154183B35B500246822 /* ProfileViewController.m in Sources */,
				3BA6711D1839B93C00246822 /* InitializationManager.m in Sources */,
				3BA6713C1839C33100246822 /* Config.m in Sources */,
				3B46407618570A9200632FFC /* HotterFacebookManager.m in Sources */,
				3BA6721D1843007D00246822 /* ImagePickerViewController.m in Sources */,
				3BA670EA1839B84F00246822 /* main.m in Sources */,
			);
			runOnlyForDeploymentPostprocessing = 0;
		};
		3BA670FA1839B84F00246822 /* Sources */ = {
			isa = PBXSourcesBuildPhase;
			buildActionMask = 2147483647;
			files = (
				3BA6710C1839B84F00246822 /* WhosHotterTests.m in Sources */,
			);
			runOnlyForDeploymentPostprocessing = 0;
		};
/* End PBXSourcesBuildPhase section */

/* Begin PBXTargetDependency section */
		3BA671041839B84F00246822 /* PBXTargetDependency */ = {
			isa = PBXTargetDependency;
			target = 3BA670D91839B84F00246822 /* Hotter */;
			targetProxy = 3BA671031839B84F00246822 /* PBXContainerItemProxy */;
		};
/* End PBXTargetDependency section */

/* Begin PBXVariantGroup section */
		3BA670E61839B84F00246822 /* InfoPlist.strings */ = {
			isa = PBXVariantGroup;
			children = (
				3BA670E71839B84F00246822 /* en */,
			);
			name = InfoPlist.strings;
			sourceTree = "<group>";
		};
		3BA670EF1839B84F00246822 /* Main_iPhone.storyboard */ = {
			isa = PBXVariantGroup;
			children = (
				3BA670F01839B84F00246822 /* Base */,
			);
			name = Main_iPhone.storyboard;
			sourceTree = "<group>";
		};
		3BA670F21839B84F00246822 /* Main_iPad.storyboard */ = {
			isa = PBXVariantGroup;
			children = (
				3BA670F31839B84F00246822 /* Base */,
			);
			name = Main_iPad.storyboard;
			sourceTree = "<group>";
		};
		3BA671081839B84F00246822 /* InfoPlist.strings */ = {
			isa = PBXVariantGroup;
			children = (
				3BA671091839B84F00246822 /* en */,
			);
			name = InfoPlist.strings;
			sourceTree = "<group>";
		};
/* End PBXVariantGroup section */

/* Begin XCBuildConfiguration section */
		3BA6710D1839B84F00246822 /* Debug */ = {
			isa = XCBuildConfiguration;
			buildSettings = {
				ALWAYS_SEARCH_USER_PATHS = NO;
				ARCHS = "$(ARCHS_STANDARD_INCLUDING_64_BIT)";
				CLANG_CXX_LANGUAGE_STANDARD = "gnu++0x";
				CLANG_CXX_LIBRARY = "libc++";
				CLANG_ENABLE_MODULES = YES;
				CLANG_ENABLE_OBJC_ARC = YES;
				CLANG_WARN_BOOL_CONVERSION = YES;
				CLANG_WARN_CONSTANT_CONVERSION = YES;
				CLANG_WARN_DIRECT_OBJC_ISA_USAGE = YES_ERROR;
				CLANG_WARN_EMPTY_BODY = YES;
				CLANG_WARN_ENUM_CONVERSION = YES;
				CLANG_WARN_INT_CONVERSION = YES;
				CLANG_WARN_OBJC_ROOT_CLASS = YES_ERROR;
				CLANG_WARN__DUPLICATE_METHOD_MATCH = YES;
				"CODE_SIGN_IDENTITY[sdk=iphoneos*]" = "iPhone Developer: Shuham BAO (73AC24L2TM)";
				COPY_PHASE_STRIP = NO;
				GCC_C_LANGUAGE_STANDARD = gnu99;
				GCC_DYNAMIC_NO_PIC = NO;
				GCC_OPTIMIZATION_LEVEL = 0;
				GCC_PREPROCESSOR_DEFINITIONS = (
					"DEBUG=1",
					"$(inherited)",
				);
				GCC_SYMBOLS_PRIVATE_EXTERN = NO;
				GCC_WARN_64_TO_32_BIT_CONVERSION = YES;
				GCC_WARN_ABOUT_RETURN_TYPE = YES_ERROR;
				GCC_WARN_UNDECLARED_SELECTOR = YES;
				GCC_WARN_UNINITIALIZED_AUTOS = YES;
				GCC_WARN_UNUSED_FUNCTION = YES;
				GCC_WARN_UNUSED_VARIABLE = YES;
				IPHONEOS_DEPLOYMENT_TARGET = 7.0;
				ONLY_ACTIVE_ARCH = YES;
				"PROVISIONING_PROFILE[sdk=iphoneos*]" = "E003AEEE-3E0C-43A5-BEC1-6790A5CCDE8C";
				SDKROOT = iphoneos;
				TARGETED_DEVICE_FAMILY = "1,2";
			};
			name = Debug;
		};
		3BA6710E1839B84F00246822 /* Release */ = {
			isa = XCBuildConfiguration;
			buildSettings = {
				ALWAYS_SEARCH_USER_PATHS = NO;
				ARCHS = "$(ARCHS_STANDARD_INCLUDING_64_BIT)";
				CLANG_CXX_LANGUAGE_STANDARD = "gnu++0x";
				CLANG_CXX_LIBRARY = "libc++";
				CLANG_ENABLE_MODULES = YES;
				CLANG_ENABLE_OBJC_ARC = YES;
				CLANG_WARN_BOOL_CONVERSION = YES;
				CLANG_WARN_CONSTANT_CONVERSION = YES;
				CLANG_WARN_DIRECT_OBJC_ISA_USAGE = YES_ERROR;
				CLANG_WARN_EMPTY_BODY = YES;
				CLANG_WARN_ENUM_CONVERSION = YES;
				CLANG_WARN_INT_CONVERSION = YES;
				CLANG_WARN_OBJC_ROOT_CLASS = YES_ERROR;
				CLANG_WARN__DUPLICATE_METHOD_MATCH = YES;
				"CODE_SIGN_IDENTITY[sdk=iphoneos*]" = "iPhone Developer: Shuham BAO (73AC24L2TM)";
				COPY_PHASE_STRIP = YES;
				ENABLE_NS_ASSERTIONS = NO;
				GCC_C_LANGUAGE_STANDARD = gnu99;
				GCC_WARN_64_TO_32_BIT_CONVERSION = YES;
				GCC_WARN_ABOUT_RETURN_TYPE = YES_ERROR;
				GCC_WARN_UNDECLARED_SELECTOR = YES;
				GCC_WARN_UNINITIALIZED_AUTOS = YES;
				GCC_WARN_UNUSED_FUNCTION = YES;
				GCC_WARN_UNUSED_VARIABLE = YES;
				IPHONEOS_DEPLOYMENT_TARGET = 7.0;
				"PROVISIONING_PROFILE[sdk=iphoneos*]" = "E003AEEE-3E0C-43A5-BEC1-6790A5CCDE8C";
				SDKROOT = iphoneos;
				TARGETED_DEVICE_FAMILY = "1,2";
				VALIDATE_PRODUCT = YES;
			};
			name = Release;
		};
		3BA671101839B84F00246822 /* Debug */ = {
			isa = XCBuildConfiguration;
			buildSettings = {
				ASSETCATALOG_COMPILER_APPICON_NAME = AppIcon;
				ASSETCATALOG_COMPILER_LAUNCHIMAGE_NAME = LaunchImage;
				CODE_SIGN_IDENTITY = "iPhone Distribution";
				"CODE_SIGN_IDENTITY[sdk=iphoneos*]" = "iPhone Distribution: Shuhan Bao (FBGV445L43)";
				FRAMEWORK_SEARCH_PATHS = (
					"$(inherited)",
					/Users/shuhan/Documents/FacebookSDK,
					/Users/shuhan/whos_hotter/WhosHotter,
				);
				GCC_PRECOMPILE_PREFIX_HEADER = YES;
				GCC_PREFIX_HEADER = "WhosHotter/WhosHotter-Prefix.pch";
				INFOPLIST_FILE = "WhosHotter/WhosHotter-Info.plist";
				IPHONEOS_DEPLOYMENT_TARGET = 7.0;
				ONLY_ACTIVE_ARCH = NO;
				PRODUCT_NAME = "$(TARGET_NAME)";
				PROVISIONING_PROFILE = "7E3953D3-F594-4E5E-B499-83B93A0598A6";
				"PROVISIONING_PROFILE[sdk=iphoneos*]" = "7E3953D3-F594-4E5E-B499-83B93A0598A6";
				TARGETED_DEVICE_FAMILY = 1;
				VALID_ARCHS = "armv7 armv7s";
				WRAPPER_EXTENSION = app;
			};
			name = Debug;
		};
		3BA671111839B84F00246822 /* Release */ = {
			isa = XCBuildConfiguration;
			buildSettings = {
				ASSETCATALOG_COMPILER_APPICON_NAME = AppIcon;
				ASSETCATALOG_COMPILER_LAUNCHIMAGE_NAME = LaunchImage;
				CODE_SIGN_IDENTITY = "iPhone Distribution";
				"CODE_SIGN_IDENTITY[sdk=iphoneos*]" = "iPhone Distribution: Shuhan Bao (FBGV445L43)";
				FRAMEWORK_SEARCH_PATHS = (
					"$(inherited)",
					/Users/shuhan/Documents/FacebookSDK,
					/Users/shuhan/whos_hotter/WhosHotter,
				);
				GCC_PRECOMPILE_PREFIX_HEADER = YES;
				GCC_PREFIX_HEADER = "WhosHotter/WhosHotter-Prefix.pch";
				INFOPLIST_FILE = "WhosHotter/WhosHotter-Info.plist";
				IPHONEOS_DEPLOYMENT_TARGET = 7.0;
				PRODUCT_NAME = "$(TARGET_NAME)";
				PROVISIONING_PROFILE = "7E3953D3-F594-4E5E-B499-83B93A0598A6";
				"PROVISIONING_PROFILE[sdk=iphoneos*]" = "7E3953D3-F594-4E5E-B499-83B93A0598A6";
				TARGETED_DEVICE_FAMILY = 1;
				VALID_ARCHS = "armv7 armv7s";
				WRAPPER_EXTENSION = app;
			};
			name = Release;
		};
		3BA671131839B84F00246822 /* Debug */ = {
			isa = XCBuildConfiguration;
			buildSettings = {
				ARCHS = "$(ARCHS_STANDARD_INCLUDING_64_BIT)";
				BUNDLE_LOADER = "$(BUILT_PRODUCTS_DIR)/WhosHotter.app/WhosHotter";
				FRAMEWORK_SEARCH_PATHS = (
					"$(SDKROOT)/Developer/Library/Frameworks",
					"$(inherited)",
					"$(DEVELOPER_FRAMEWORKS_DIR)",
				);
				GCC_PRECOMPILE_PREFIX_HEADER = YES;
				GCC_PREFIX_HEADER = "WhosHotter/WhosHotter-Prefix.pch";
				GCC_PREPROCESSOR_DEFINITIONS = (
					"DEBUG=1",
					"$(inherited)",
				);
				INFOPLIST_FILE = "WhosHotterTests/WhosHotterTests-Info.plist";
				PRODUCT_NAME = "$(TARGET_NAME)";
				TEST_HOST = "$(BUNDLE_LOADER)";
				WRAPPER_EXTENSION = xctest;
			};
			name = Debug;
		};
		3BA671141839B84F00246822 /* Release */ = {
			isa = XCBuildConfiguration;
			buildSettings = {
				ARCHS = "$(ARCHS_STANDARD_INCLUDING_64_BIT)";
				BUNDLE_LOADER = "$(BUILT_PRODUCTS_DIR)/WhosHotter.app/WhosHotter";
				FRAMEWORK_SEARCH_PATHS = (
					"$(SDKROOT)/Developer/Library/Frameworks",
					"$(inherited)",
					"$(DEVELOPER_FRAMEWORKS_DIR)",
				);
				GCC_PRECOMPILE_PREFIX_HEADER = YES;
				GCC_PREFIX_HEADER = "WhosHotter/WhosHotter-Prefix.pch";
				INFOPLIST_FILE = "WhosHotterTests/WhosHotterTests-Info.plist";
				PRODUCT_NAME = "$(TARGET_NAME)";
				TEST_HOST = "$(BUNDLE_LOADER)";
				WRAPPER_EXTENSION = xctest;
			};
			name = Release;
		};
/* End XCBuildConfiguration section */

/* Begin XCConfigurationList section */
		3BA670D51839B84F00246822 /* Build configuration list for PBXProject "WhosHotter" */ = {
			isa = XCConfigurationList;
			buildConfigurations = (
				3BA6710D1839B84F00246822 /* Debug */,
				3BA6710E1839B84F00246822 /* Release */,
			);
			defaultConfigurationIsVisible = 0;
			defaultConfigurationName = Release;
		};
		3BA6710F1839B84F00246822 /* Build configuration list for PBXNativeTarget "Hotter" */ = {
			isa = XCConfigurationList;
			buildConfigurations = (
				3BA671101839B84F00246822 /* Debug */,
				3BA671111839B84F00246822 /* Release */,
			);
			defaultConfigurationIsVisible = 0;
			defaultConfigurationName = Release;
		};
		3BA671121839B84F00246822 /* Build configuration list for PBXNativeTarget "WhosHotterTests" */ = {
			isa = XCConfigurationList;
			buildConfigurations = (
				3BA671131839B84F00246822 /* Debug */,
				3BA671141839B84F00246822 /* Release */,
			);
			defaultConfigurationIsVisible = 0;
			defaultConfigurationName = Release;
		};
/* End XCConfigurationList section */
	};
	rootObject = 3BA670D21839B84F00246822 /* Project object */;
}
